// !$*UTF8*$!
{
	archiveVersion = 1;
	classes = {
	};
	objectVersion = 46;
	objects = {

/* Begin PBXBuildFile section */
		0835AE51E1D442A2BE7765FA /* libPods.a in Frameworks */ = {isa = PBXBuildFile; fileRef = E59A1BB742214388ABE91004 /* libPods.a */; };
		1EDB80AF6BC4C379C818A5CF /* AgendaProviderSpec.m in Sources */ = {isa = PBXBuildFile; fileRef = 1EDB8361EBA8EEABB97963E4 /* AgendaProviderSpec.m */; };
		1EDB85C9DAF2B5A908D93A10 /* AgendaCollectionViewDataSourceSpec.m in Sources */ = {isa = PBXBuildFile; fileRef = 1EDB861D7FD3F44E422AEECE /* AgendaCollectionViewDataSourceSpec.m */; };
		1EDB885EAA0CA775A8707F6E /* FakeCollectionView.m in Sources */ = {isa = PBXBuildFile; fileRef = 1EDB8A2AB8AECD1BF0ECAECA /* FakeCollectionView.m */; };
		1EDB8BEABDCA85858CE325DC /* FakeAgendaCollectionViewDataSource.m in Sources */ = {isa = PBXBuildFile; fileRef = 1EDB836B8C0BBED816EC918A /* FakeAgendaCollectionViewDataSource.m */; };
		1EDB8D90D1C24754015D8FF2 /* FakeAgendaProvider.m in Sources */ = {isa = PBXBuildFile; fileRef = 1EDB8C06591F6E2CFA397CAF /* FakeAgendaProvider.m */; };
		1EDB8E63A5547729FE9E90FB /* AgendaItemFixture.m in Sources */ = {isa = PBXBuildFile; fileRef = 1EDB86E908039895488C9398 /* AgendaItemFixture.m */; };
		43C5D4B51904429F002D1766 /* Foundation.framework in Frameworks */ = {isa = PBXBuildFile; fileRef = 43C5D4B41904429F002D1766 /* Foundation.framework */; };
		43C5D4B71904429F002D1766 /* CoreGraphics.framework in Frameworks */ = {isa = PBXBuildFile; fileRef = 43C5D4B61904429F002D1766 /* CoreGraphics.framework */; };
		43C5D4B91904429F002D1766 /* UIKit.framework in Frameworks */ = {isa = PBXBuildFile; fileRef = 43C5D4B81904429F002D1766 /* UIKit.framework */; };
		43C5D4D71904429F002D1766 /* XCTest.framework in Frameworks */ = {isa = PBXBuildFile; fileRef = 43C5D4D61904429F002D1766 /* XCTest.framework */; };
		43C5D4D81904429F002D1766 /* Foundation.framework in Frameworks */ = {isa = PBXBuildFile; fileRef = 43C5D4B41904429F002D1766 /* Foundation.framework */; };
		43C5D4D91904429F002D1766 /* UIKit.framework in Frameworks */ = {isa = PBXBuildFile; fileRef = 43C5D4B81904429F002D1766 /* UIKit.framework */; };
		43C5D4E11904429F002D1766 /* InfoPlist.strings in Resources */ = {isa = PBXBuildFile; fileRef = 43C5D4DF1904429F002D1766 /* InfoPlist.strings */; };
		43C5D4ED19046E83002D1766 /* Speakers.JSON in Resources */ = {isa = PBXBuildFile; fileRef = B27A9BEE6F48E39B73B68281 /* Speakers.JSON */; };
		510430CE778A22D93A35BC09 /* StreamItemPreviewViewControllerSpec.m in Sources */ = {isa = PBXBuildFile; fileRef = 5104396E024236D211BE68A7 /* StreamItemPreviewViewControllerSpec.m */; };
		510431358E25B1DCFAED9960 /* StreamItemPreviewViewController.m in Sources */ = {isa = PBXBuildFile; fileRef = 51043DE94D02BF3DAD3C447E /* StreamItemPreviewViewController.m */; };
		510431791B37A9A99385A641 /* CracowConfiguration.m in Sources */ = {isa = PBXBuildFile; fileRef = 51043AB14D427734F191F4B3 /* CracowConfiguration.m */; };
		510431F36EDABCA7A7E84118 /* StreamItemCreator.m in Sources */ = {isa = PBXBuildFile; fileRef = 510434BAAD88EC50EEB039B1 /* StreamItemCreator.m */; };
		51043272B3AC04BC4C345854 /* CracowConfiguration.m in Sources */ = {isa = PBXBuildFile; fileRef = 51043AB14D427734F191F4B3 /* CracowConfiguration.m */; };
		5104331ABB398764EB039A38 /* StreamItemUploader.m in Sources */ = {isa = PBXBuildFile; fileRef = 510437936BA1CFAE94AA5BBB /* StreamItemUploader.m */; };
		5104345F6DBD18816241E3F3 /* StreamItemPreviewViewController.m in Sources */ = {isa = PBXBuildFile; fileRef = 51043DE94D02BF3DAD3C447E /* StreamItemPreviewViewController.m */; };
		510434A8BD8A51FD6A30E5E7 /* Localizable.strings in Resources */ = {isa = PBXBuildFile; fileRef = 5104345744CA86EDD8BC6565 /* Localizable.strings */; };
		510434B6A43EA784E14ADCCE /* StreamItemUploader.m in Sources */ = {isa = PBXBuildFile; fileRef = 510437936BA1CFAE94AA5BBB /* StreamItemUploader.m */; };
		51043516EF8246EF55CD424E /* StreamItemCreator.m in Sources */ = {isa = PBXBuildFile; fileRef = 510434BAAD88EC50EEB039B1 /* StreamItemCreator.m */; };
		510436112789FCE1924B15B7 /* StreamItemTransformer.m in Sources */ = {isa = PBXBuildFile; fileRef = 51043C7AD35D283FC3A8997B /* StreamItemTransformer.m */; };
		5104365C827422284475A68C /* StreamItemDownloader.m in Sources */ = {isa = PBXBuildFile; fileRef = 51043B6325427C8FAF2CAAEE /* StreamItemDownloader.m */; };
		510436DEA3790C3EBDBF7C87 /* Localizable.strings in Resources */ = {isa = PBXBuildFile; fileRef = 5104345744CA86EDD8BC6565 /* Localizable.strings */; };
		510437B3AFF9B4DFB61D4D37 /* ConfigurationFactory.m in Sources */ = {isa = PBXBuildFile; fileRef = 51043C0A7BD0895BF7021DFB /* ConfigurationFactory.m */; };
		510437C9E9173E0AEE1BF5D9 /* PhotoStreamViewController.m in Sources */ = {isa = PBXBuildFile; fileRef = 51043207E6DA7C07E54F2B88 /* PhotoStreamViewController.m */; };
		510437DA51D98A24A4CCCFDA /* Configurator.m in Sources */ = {isa = PBXBuildFile; fileRef = 5104360D9F181D89E20CA03C /* Configurator.m */; };
		510439836AE875DB86DFDB46 /* StreamItem.m in Sources */ = {isa = PBXBuildFile; fileRef = 510436CAD5C76AB731F5FC76 /* StreamItem.m */; };
		51043A111913B3C14E89500B /* ImageResizer.m in Sources */ = {isa = PBXBuildFile; fileRef = 510439BD510B17C8EEF28909 /* ImageResizer.m */; };
		51043A58492558DF31617F02 /* ImageResizer.m in Sources */ = {isa = PBXBuildFile; fileRef = 510439BD510B17C8EEF28909 /* ImageResizer.m */; };
		51043A753B02DB66085B38BF /* ConfigurationFactory.m in Sources */ = {isa = PBXBuildFile; fileRef = 51043C0A7BD0895BF7021DFB /* ConfigurationFactory.m */; };
		51043C07AA1795B94AD8E814 /* StreamItemDownloader.m in Sources */ = {isa = PBXBuildFile; fileRef = 51043B6325427C8FAF2CAAEE /* StreamItemDownloader.m */; };
		51043C783E82165202F605B2 /* StreamItem.m in Sources */ = {isa = PBXBuildFile; fileRef = 510436CAD5C76AB731F5FC76 /* StreamItem.m */; };
		51043CE75EA7FBA5401DBB52 /* PhotoStreamLayout.m in Sources */ = {isa = PBXBuildFile; fileRef = 51043490CB53601D7905B27C /* PhotoStreamLayout.m */; };
		51043DB9335FD27CFF47F901 /* PhotoStreamLayout.m in Sources */ = {isa = PBXBuildFile; fileRef = 51043490CB53601D7905B27C /* PhotoStreamLayout.m */; };
		51043E931A99B1B2AAB437DB /* PhotoStreamCell.m in Sources */ = {isa = PBXBuildFile; fileRef = 510437B92629399AA5A617E6 /* PhotoStreamCell.m */; };
		51043F3A4C4ADADDC1CD6C09 /* PhotoStreamCell.m in Sources */ = {isa = PBXBuildFile; fileRef = 510437B92629399AA5A617E6 /* PhotoStreamCell.m */; };
		51043F48261F9EF558458820 /* StreamItemTransformer.m in Sources */ = {isa = PBXBuildFile; fileRef = 51043C7AD35D283FC3A8997B /* StreamItemTransformer.m */; };
		51043FAA43E3EC9A3D85074C /* Configurator.m in Sources */ = {isa = PBXBuildFile; fileRef = 5104360D9F181D89E20CA03C /* Configurator.m */; };
		81086065F0114D29D7A40632 /* BaseValidator.m in Sources */ = {isa = PBXBuildFile; fileRef = 810862830B82A465970701BF /* BaseValidator.m */; };
		810860D7E54A7556600F4E57 /* FakePollAgendaProvider.m in Sources */ = {isa = PBXBuildFile; fileRef = 81086650B52C8E341CEBA0E2 /* FakePollAgendaProvider.m */; };
		8108614E36A5A4ED5DE6F324 /* PollManagerSpec.m in Sources */ = {isa = PBXBuildFile; fileRef = 81086DB7AF1DA1000E168C97 /* PollManagerSpec.m */; };
		8108618342CE3920552B0D80 /* Poll.m in Sources */ = {isa = PBXBuildFile; fileRef = 81086E6021AE14C1F87E9B1B /* Poll.m */; };
		810861A425652A5114611562 /* CommentValidator.m in Sources */ = {isa = PBXBuildFile; fileRef = 81086D38C45A12013087D372 /* CommentValidator.m */; };
		810861ABBF47988687902610 /* ViewValidatorFactory.m in Sources */ = {isa = PBXBuildFile; fileRef = 81086AB892D0D96B70845F9A /* ViewValidatorFactory.m */; };
		8108623605FE3E730D2F7ACE /* FakeViewValidatorFactory.m in Sources */ = {isa = PBXBuildFile; fileRef = 81086A10BFA7B0A80AE1DC6E /* FakeViewValidatorFactory.m */; };
		8108632DC13EC8A20D155989 /* EMailValidatorSpec.m in Sources */ = {isa = PBXBuildFile; fileRef = 81086C4AE087835C90C35D21 /* EMailValidatorSpec.m */; };
		81086445592BEC5457D4163D /* NSLayoutConstraint+Utilities.m in Sources */ = {isa = PBXBuildFile; fileRef = 8108658947B4BF9E7612FDE6 /* NSLayoutConstraint+Utilities.m */; };
		810864B2A94D0D43BBEAF612 /* ViewValidatorFactorySpec.m in Sources */ = {isa = PBXBuildFile; fileRef = 810868438A11F8996B8EC76D /* ViewValidatorFactorySpec.m */; };
		8108651C96170D5DC479A2B8 /* BaseValidator+SpecUtilities.m in Sources */ = {isa = PBXBuildFile; fileRef = 81086748937B6F26BC62FCBC /* BaseValidator+SpecUtilities.m */; };
		810865C01FB2CD9DF8222BD0 /* FakePollViewController.m in Sources */ = {isa = PBXBuildFile; fileRef = 81086BDF1E34DBE4C9C5205D /* FakePollViewController.m */; };
		810866338622BEC7C4C0EB4A /* PollTextView.m in Sources */ = {isa = PBXBuildFile; fileRef = 81086B0D9ED2535E7BDB6F6A /* PollTextView.m */; };
		8108665BE1436DC507093E43 /* FakePollManager.m in Sources */ = {isa = PBXBuildFile; fileRef = 81086337E53519C55394BF26 /* FakePollManager.m */; };
		8108668575E58EC6F3B87611 /* PollViewControllerSpec.m in Sources */ = {isa = PBXBuildFile; fileRef = 8108608AABA9DEECDAC8D60B /* PollViewControllerSpec.m */; };
		810866B138C3E04FB14466FC /* PollViewController.m in Sources */ = {isa = PBXBuildFile; fileRef = 810867D57EB6024B3BB3AFC1 /* PollViewController.m */; };
		810866F1FE320FA1B2B2F023 /* Agenda.JSON in Resources */ = {isa = PBXBuildFile; fileRef = 810863A399DF2C73F86CBB3C /* Agenda.JSON */; };
		81086747DA487D249A16BAFE /* PollSliderItem.m in Sources */ = {isa = PBXBuildFile; fileRef = 810865CD1845B24926B9304F /* PollSliderItem.m */; };
		8108679077A588DAFEA31B68 /* SpecValidatorFixture.m in Sources */ = {isa = PBXBuildFile; fileRef = 81086D2899CC381180133247 /* SpecValidatorFixture.m */; };
		810868C67B5D309FA50BE791 /* AgendaProvider+SharedInstance.m in Sources */ = {isa = PBXBuildFile; fileRef = 81086306084AE59953A39AB2 /* AgendaProvider+SharedInstance.m */; };
		810869222C047725078E7155 /* EMailValidator.m in Sources */ = {isa = PBXBuildFile; fileRef = 8108603216FB4C0AF321CF59 /* EMailValidator.m */; };
		81086957A49032A43D58644F /* NameValidator.m in Sources */ = {isa = PBXBuildFile; fileRef = 81086CE423EADE2E84F256E8 /* NameValidator.m */; };
		810869F06A8D5E31BAE527C8 /* PollManager.m in Sources */ = {isa = PBXBuildFile; fileRef = 81086B00684003C35FE988C4 /* PollManager.m */; };
		81086CDC548B56E717FF22C7 /* PollSlider.m in Sources */ = {isa = PBXBuildFile; fileRef = 8108682AA5667A81D05AEA16 /* PollSlider.m */; };
		81086E08743535459E49938D /* NameValidatorSpec.m in Sources */ = {isa = PBXBuildFile; fileRef = 81086EB1C3531358D53E1ED6 /* NameValidatorSpec.m */; };
		81086E163A9DFF20967D20E4 /* PollTextField.m in Sources */ = {isa = PBXBuildFile; fileRef = 8108669326B9976BB96F7862 /* PollTextField.m */; };
		81086E78FC205DB4277A4652 /* PollView.m in Sources */ = {isa = PBXBuildFile; fileRef = 810864696868DEB6E3D638D9 /* PollView.m */; };
		81086F237B4A2C984AB5367E /* CommentValidatorSpec.m in Sources */ = {isa = PBXBuildFile; fileRef = 810869D23166246A67515C7D /* CommentValidatorSpec.m */; };
		944AF0D51907124D00C36DA1 /* PhotoStreamViewControllerSpec.m in Sources */ = {isa = PBXBuildFile; fileRef = 510430351EDD2ECC10DB5F0C /* PhotoStreamViewControllerSpec.m */; };
		B27A901654FE494E865AF180 /* AgendaViewController.m in Sources */ = {isa = PBXBuildFile; fileRef = B27A9BB373E87A85573C3463 /* AgendaViewController.m */; };
		B27A9056ADDB5BAB5972C05E /* SpeakersCollectionViewLayout.m in Sources */ = {isa = PBXBuildFile; fileRef = B27A9C59E6E6435FEAA650A4 /* SpeakersCollectionViewLayout.m */; };
		B27A90C1276516EF0976C721 /* AppDelegate.m in Sources */ = {isa = PBXBuildFile; fileRef = B27A98A82123128D7921D187 /* AppDelegate.m */; };
		B27A9102589328414886245B /* Images.xcassets in Resources */ = {isa = PBXBuildFile; fileRef = B27A9F1C86B830D77578705F /* Images.xcassets */; };
		B27A925418322C40B77A8998 /* AgendaItem.m in Sources */ = {isa = PBXBuildFile; fileRef = B27A9FB3501C500CA929A2A1 /* AgendaItem.m */; };
		B27A92B6316A1E604BF9B98F /* SeparatorView.m in Sources */ = {isa = PBXBuildFile; fileRef = B27A9A99558246AC21EABCD7 /* SeparatorView.m */; };
		B27A93238C3DB4F0859DD791 /* AgendaViewControllerSpec.m in Sources */ = {isa = PBXBuildFile; fileRef = B27A92D0682AFE21E11385A9 /* AgendaViewControllerSpec.m */; };
		B27A937730478652E2F1969E /* Main.storyboard in Resources */ = {isa = PBXBuildFile; fileRef = B27A9EA130AFF757F72BDC66 /* Main.storyboard */; };
		B27A93BC50952551175D197B /* SpeakerDetailsViewControllerSpec.m in Sources */ = {isa = PBXBuildFile; fileRef = B27A9A7F313CB7B4BA43122F /* SpeakerDetailsViewControllerSpec.m */; };
		B27A951712A1D5B5E0C81065 /* SpeakerDetailsViewController.m in Sources */ = {isa = PBXBuildFile; fileRef = B27A9BFB623551B2B8B63403 /* SpeakerDetailsViewController.m */; };
		B27A954E6E7A4E4CA2F00D8A /* SpeakersViewControllerSpec.m in Sources */ = {isa = PBXBuildFile; fileRef = B27A9720DB26070703067460 /* SpeakersViewControllerSpec.m */; };
		B27A95EBA9C44F296EEF0485 /* SeparatorView.m in Sources */ = {isa = PBXBuildFile; fileRef = B27A9A99558246AC21EABCD7 /* SeparatorView.m */; };
		B27A9726136F5C773F598D6D /* SpeakerDetailsViewController.m in Sources */ = {isa = PBXBuildFile; fileRef = B27A9BFB623551B2B8B63403 /* SpeakerDetailsViewController.m */; };
		B27A97FE7901600A8818F3DA /* SpeakerCollectionViewCell.m in Sources */ = {isa = PBXBuildFile; fileRef = B27A9E37AC949A57E1B51C39 /* SpeakerCollectionViewCell.m */; };
		B27A9971BB928EAA6E0EDE6E /* AgendaProvider.m in Sources */ = {isa = PBXBuildFile; fileRef = B27A98C9553E38A463E9F4D9 /* AgendaProvider.m */; };
		B27A9989AF15DCF4A14C8599 /* UIColor+TDDWorkshop.m in Sources */ = {isa = PBXBuildFile; fileRef = B27A9A19F501F0EBB0F4CE4D /* UIColor+TDDWorkshop.m */; };
		B27A99C4343479416F7949A1 /* SpeakersViewController.m in Sources */ = {isa = PBXBuildFile; fileRef = B27A96CC784650B22E261274 /* SpeakersViewController.m */; };
		B27A9A0FD94ECA88196295DE /* RootTabBarController.m in Sources */ = {isa = PBXBuildFile; fileRef = B27A97D7E26B0DD389DAA34F /* RootTabBarController.m */; };
		B27A9A828140E48431A9F462 /* SpeakerCollectionViewCellSpec.m in Sources */ = {isa = PBXBuildFile; fileRef = B27A9D22A0F1383379E96210 /* SpeakerCollectionViewCellSpec.m */; };
		B27A9ACDFF47B5C7A1E152D0 /* Speaker.m in Sources */ = {isa = PBXBuildFile; fileRef = B27A9CFFF76719DF63F378A8 /* Speaker.m */; };
		B27A9B105BBD67D80D01E3E5 /* SpeakersCollectionViewDataSource.m in Sources */ = {isa = PBXBuildFile; fileRef = B27A92AF299A933F6819BD8F /* SpeakersCollectionViewDataSource.m */; };
		B27A9CC866FDAA137CF8BDB1 /* AgendaCollectionViewCell.m in Sources */ = {isa = PBXBuildFile; fileRef = B27A93CAC3CD72BA2BC95435 /* AgendaCollectionViewCell.m */; };
		B27A9D2A610E08BA7B2FF7D4 /* SpeakersCollectionViewDataSourceSpec.m in Sources */ = {isa = PBXBuildFile; fileRef = B27A9D2C679D85AD77ECDB6D /* SpeakersCollectionViewDataSourceSpec.m */; };
		B27A9D59259653BDEABA00A3 /* main.m in Sources */ = {isa = PBXBuildFile; fileRef = B27A945B2F9713B160FE4645 /* main.m */; };
		B27A9D81BB54BDA1E692BA0F /* AgendaCollectionViewDataSource.m in Sources */ = {isa = PBXBuildFile; fileRef = B27A90E688525135350583C0 /* AgendaCollectionViewDataSource.m */; };
		B27A9E1107889ABC8D32C72F /* Speakers.JSON in Resources */ = {isa = PBXBuildFile; fileRef = B27A9BEE6F48E39B73B68281 /* Speakers.JSON */; };
		BD856E5C1C064F578B72D2D3 /* libPods-specs.a in Frameworks */ = {isa = PBXBuildFile; fileRef = B2F06B64128243AF9AC3D4B0 /* libPods-specs.a */; };
/* End PBXBuildFile section */

/* Begin PBXContainerItemProxy section */
		43C5D4DA1904429F002D1766 /* PBXContainerItemProxy */ = {
			isa = PBXContainerItemProxy;
			containerPortal = 43C5D4A91904429F002D1766 /* Project object */;
			proxyType = 1;
			remoteGlobalIDString = 43C5D4B01904429F002D1766;
			remoteInfo = "TDD Workshop";
		};
/* End PBXContainerItemProxy section */

/* Begin PBXFileReference section */
		1EDB8361EBA8EEABB97963E4 /* AgendaProviderSpec.m */ = {isa = PBXFileReference; fileEncoding = 4; lastKnownFileType = sourcecode.c.objc; path = AgendaProviderSpec.m; sourceTree = "<group>"; };
		1EDB836B8C0BBED816EC918A /* FakeAgendaCollectionViewDataSource.m */ = {isa = PBXFileReference; fileEncoding = 4; lastKnownFileType = sourcecode.c.objc; path = FakeAgendaCollectionViewDataSource.m; sourceTree = "<group>"; };
		1EDB84F5A15840E705C1A65A /* FakeCollectionView.h */ = {isa = PBXFileReference; fileEncoding = 4; lastKnownFileType = sourcecode.c.h; path = FakeCollectionView.h; sourceTree = "<group>"; };
		1EDB861D7FD3F44E422AEECE /* AgendaCollectionViewDataSourceSpec.m */ = {isa = PBXFileReference; fileEncoding = 4; lastKnownFileType = sourcecode.c.objc; path = AgendaCollectionViewDataSourceSpec.m; sourceTree = "<group>"; };
		1EDB86E908039895488C9398 /* AgendaItemFixture.m */ = {isa = PBXFileReference; fileEncoding = 4; lastKnownFileType = sourcecode.c.objc; path = AgendaItemFixture.m; sourceTree = "<group>"; };
		1EDB8A2AB8AECD1BF0ECAECA /* FakeCollectionView.m */ = {isa = PBXFileReference; fileEncoding = 4; lastKnownFileType = sourcecode.c.objc; path = FakeCollectionView.m; sourceTree = "<group>"; };
		1EDB8BDFB344DF3A32724382 /* AgendaItemFixture.h */ = {isa = PBXFileReference; fileEncoding = 4; lastKnownFileType = sourcecode.c.h; path = AgendaItemFixture.h; sourceTree = "<group>"; };
		1EDB8C06591F6E2CFA397CAF /* FakeAgendaProvider.m */ = {isa = PBXFileReference; fileEncoding = 4; lastKnownFileType = sourcecode.c.objc; path = FakeAgendaProvider.m; sourceTree = "<group>"; };
		1EDB8DC8BECEE523F246FC82 /* FakeAgendaCollectionViewDataSource.h */ = {isa = PBXFileReference; fileEncoding = 4; lastKnownFileType = sourcecode.c.h; path = FakeAgendaCollectionViewDataSource.h; sourceTree = "<group>"; };
		1EDB8FEB587E71943373CE37 /* FakeAgendaProvider.h */ = {isa = PBXFileReference; fileEncoding = 4; lastKnownFileType = sourcecode.c.h; path = FakeAgendaProvider.h; sourceTree = "<group>"; };
		43C5D4B11904429F002D1766 /* TDD Workshop.app */ = {isa = PBXFileReference; explicitFileType = wrapper.application; includeInIndex = 0; path = "TDD Workshop.app"; sourceTree = BUILT_PRODUCTS_DIR; };
		43C5D4B41904429F002D1766 /* Foundation.framework */ = {isa = PBXFileReference; lastKnownFileType = wrapper.framework; name = Foundation.framework; path = System/Library/Frameworks/Foundation.framework; sourceTree = SDKROOT; };
		43C5D4B61904429F002D1766 /* CoreGraphics.framework */ = {isa = PBXFileReference; lastKnownFileType = wrapper.framework; name = CoreGraphics.framework; path = System/Library/Frameworks/CoreGraphics.framework; sourceTree = SDKROOT; };
		43C5D4B81904429F002D1766 /* UIKit.framework */ = {isa = PBXFileReference; lastKnownFileType = wrapper.framework; name = UIKit.framework; path = System/Library/Frameworks/UIKit.framework; sourceTree = SDKROOT; };
		43C5D4D51904429F002D1766 /* TDD WorkshopTests.xctest */ = {isa = PBXFileReference; explicitFileType = wrapper.cfbundle; includeInIndex = 0; path = "TDD WorkshopTests.xctest"; sourceTree = BUILT_PRODUCTS_DIR; };
		43C5D4D61904429F002D1766 /* XCTest.framework */ = {isa = PBXFileReference; lastKnownFileType = wrapper.framework; name = XCTest.framework; path = Library/Frameworks/XCTest.framework; sourceTree = DEVELOPER_DIR; };
		43C5D4DE1904429F002D1766 /* TDD WorkshopTests-Info.plist */ = {isa = PBXFileReference; lastKnownFileType = text.plist.xml; path = "TDD WorkshopTests-Info.plist"; sourceTree = "<group>"; };
		43C5D4E01904429F002D1766 /* en */ = {isa = PBXFileReference; lastKnownFileType = text.plist.strings; name = en; path = en.lproj/InfoPlist.strings; sourceTree = "<group>"; };
		43C5D4EC190447DE002D1766 /* Specs.h */ = {isa = PBXFileReference; lastKnownFileType = sourcecode.c.h; path = Specs.h; sourceTree = "<group>"; };
		4442B29770594D57863624A3 /* Pods-specs.xcconfig */ = {isa = PBXFileReference; includeInIndex = 1; lastKnownFileType = text.xcconfig; name = "Pods-specs.xcconfig"; path = "Pods/Pods-specs.xcconfig"; sourceTree = "<group>"; };
		510430351EDD2ECC10DB5F0C /* PhotoStreamViewControllerSpec.m */ = {isa = PBXFileReference; fileEncoding = 4; lastKnownFileType = sourcecode.c.objc; path = PhotoStreamViewControllerSpec.m; sourceTree = "<group>"; };
		510431497BD5ED2FA70D4A3C /* StreamItemPreviewViewController.h */ = {isa = PBXFileReference; fileEncoding = 4; lastKnownFileType = sourcecode.c.h; path = StreamItemPreviewViewController.h; sourceTree = "<group>"; };
		51043207E6DA7C07E54F2B88 /* PhotoStreamViewController.m */ = {isa = PBXFileReference; fileEncoding = 4; lastKnownFileType = sourcecode.c.objc; path = PhotoStreamViewController.m; sourceTree = "<group>"; };
		510432AAC735F6797D1522FB /* StreamItemCreator.h */ = {isa = PBXFileReference; fileEncoding = 4; lastKnownFileType = sourcecode.c.h; path = StreamItemCreator.h; sourceTree = "<group>"; };
		5104335135485178594E1772 /* Configurator.h */ = {isa = PBXFileReference; fileEncoding = 4; lastKnownFileType = sourcecode.c.h; path = Configurator.h; sourceTree = "<group>"; };
		510433ABB1897A0420B539B4 /* StreamItemDownloader.h */ = {isa = PBXFileReference; fileEncoding = 4; lastKnownFileType = sourcecode.c.h; path = StreamItemDownloader.h; sourceTree = "<group>"; };
		510433D6C025A50F0EFD5946 /* ConfigurationFactory.h */ = {isa = PBXFileReference; fileEncoding = 4; lastKnownFileType = sourcecode.c.h; path = ConfigurationFactory.h; sourceTree = "<group>"; };
		5104345744CA86EDD8BC6565 /* Localizable.strings */ = {isa = PBXFileReference; fileEncoding = 4; lastKnownFileType = text.plist.strings; path = Localizable.strings; sourceTree = "<group>"; };
		51043490CB53601D7905B27C /* PhotoStreamLayout.m */ = {isa = PBXFileReference; fileEncoding = 4; lastKnownFileType = sourcecode.c.objc; path = PhotoStreamLayout.m; sourceTree = "<group>"; };
		510434BAAD88EC50EEB039B1 /* StreamItemCreator.m */ = {isa = PBXFileReference; fileEncoding = 4; lastKnownFileType = sourcecode.c.objc; path = StreamItemCreator.m; sourceTree = "<group>"; };
		5104360D9F181D89E20CA03C /* Configurator.m */ = {isa = PBXFileReference; fileEncoding = 4; lastKnownFileType = sourcecode.c.objc; path = Configurator.m; sourceTree = "<group>"; };
		51043640F0691B27318ED39B /* PhotoStreamCell.h */ = {isa = PBXFileReference; fileEncoding = 4; lastKnownFileType = sourcecode.c.h; path = PhotoStreamCell.h; sourceTree = "<group>"; };
		51043647DD431C4314D6D6C1 /* PhotoStreamLayout.h */ = {isa = PBXFileReference; fileEncoding = 4; lastKnownFileType = sourcecode.c.h; path = PhotoStreamLayout.h; sourceTree = "<group>"; };
		51043681C8216DA34C60E288 /* ImageResizer.h */ = {isa = PBXFileReference; fileEncoding = 4; lastKnownFileType = sourcecode.c.h; path = ImageResizer.h; sourceTree = "<group>"; };
		510436CAD5C76AB731F5FC76 /* StreamItem.m */ = {isa = PBXFileReference; fileEncoding = 4; lastKnownFileType = sourcecode.c.objc; path = StreamItem.m; sourceTree = "<group>"; };
		510436E62419B941DDEA1A1D /* StreamItemTransformer.h */ = {isa = PBXFileReference; fileEncoding = 4; lastKnownFileType = sourcecode.c.h; path = StreamItemTransformer.h; sourceTree = "<group>"; };
		510436F9CF147A9F0DE5D97B /* StreamItem.h */ = {isa = PBXFileReference; fileEncoding = 4; lastKnownFileType = sourcecode.c.h; path = StreamItem.h; sourceTree = "<group>"; };
		510437936BA1CFAE94AA5BBB /* StreamItemUploader.m */ = {isa = PBXFileReference; fileEncoding = 4; lastKnownFileType = sourcecode.c.objc; path = StreamItemUploader.m; sourceTree = "<group>"; };
		510437B92629399AA5A617E6 /* PhotoStreamCell.m */ = {isa = PBXFileReference; fileEncoding = 4; lastKnownFileType = sourcecode.c.objc; path = PhotoStreamCell.m; sourceTree = "<group>"; };
		5104384BE0B04D91B48B5A49 /* Configuration.h */ = {isa = PBXFileReference; fileEncoding = 4; lastKnownFileType = sourcecode.c.h; path = Configuration.h; sourceTree = "<group>"; };
		510438A1415624392BB038A8 /* CracowConfiguration.h */ = {isa = PBXFileReference; fileEncoding = 4; lastKnownFileType = sourcecode.c.h; path = CracowConfiguration.h; sourceTree = "<group>"; };
		5104396E024236D211BE68A7 /* StreamItemPreviewViewControllerSpec.m */ = {isa = PBXFileReference; fileEncoding = 4; lastKnownFileType = sourcecode.c.objc; path = StreamItemPreviewViewControllerSpec.m; sourceTree = "<group>"; };
		510439AF098214E645561005 /* PhotoStreamViewController.h */ = {isa = PBXFileReference; fileEncoding = 4; lastKnownFileType = sourcecode.c.h; path = PhotoStreamViewController.h; sourceTree = "<group>"; };
		510439BD510B17C8EEF28909 /* ImageResizer.m */ = {isa = PBXFileReference; fileEncoding = 4; lastKnownFileType = sourcecode.c.objc; path = ImageResizer.m; sourceTree = "<group>"; };
		51043AB14D427734F191F4B3 /* CracowConfiguration.m */ = {isa = PBXFileReference; fileEncoding = 4; lastKnownFileType = sourcecode.c.objc; path = CracowConfiguration.m; sourceTree = "<group>"; };
		51043B6325427C8FAF2CAAEE /* StreamItemDownloader.m */ = {isa = PBXFileReference; fileEncoding = 4; lastKnownFileType = sourcecode.c.objc; path = StreamItemDownloader.m; sourceTree = "<group>"; };
		51043C0A7BD0895BF7021DFB /* ConfigurationFactory.m */ = {isa = PBXFileReference; fileEncoding = 4; lastKnownFileType = sourcecode.c.objc; path = ConfigurationFactory.m; sourceTree = "<group>"; };
		51043C7AD35D283FC3A8997B /* StreamItemTransformer.m */ = {isa = PBXFileReference; fileEncoding = 4; lastKnownFileType = sourcecode.c.objc; path = StreamItemTransformer.m; sourceTree = "<group>"; };
		51043DE94D02BF3DAD3C447E /* StreamItemPreviewViewController.m */ = {isa = PBXFileReference; fileEncoding = 4; lastKnownFileType = sourcecode.c.objc; path = StreamItemPreviewViewController.m; sourceTree = "<group>"; };
		51043F16E2B9F624D87DD1E0 /* StreamItemUploader.h */ = {isa = PBXFileReference; fileEncoding = 4; lastKnownFileType = sourcecode.c.h; path = StreamItemUploader.h; sourceTree = "<group>"; };
		8108603216FB4C0AF321CF59 /* EMailValidator.m */ = {isa = PBXFileReference; fileEncoding = 4; lastKnownFileType = sourcecode.c.objc; path = EMailValidator.m; sourceTree = "<group>"; };
		8108605EE578750878FC1317 /* PollTextView.h */ = {isa = PBXFileReference; fileEncoding = 4; lastKnownFileType = sourcecode.c.h; path = PollTextView.h; sourceTree = "<group>"; };
		8108608AABA9DEECDAC8D60B /* PollViewControllerSpec.m */ = {isa = PBXFileReference; fileEncoding = 4; lastKnownFileType = sourcecode.c.objc; path = PollViewControllerSpec.m; sourceTree = "<group>"; };
		81086112A900CF1F1CA953D5 /* BaseValidator+SpecUtilities.h */ = {isa = PBXFileReference; fileEncoding = 4; lastKnownFileType = sourcecode.c.h; path = "BaseValidator+SpecUtilities.h"; sourceTree = "<group>"; };
		8108618E9EA466C9108D9CDB /* AgendaProvider+SharedInstance.h */ = {isa = PBXFileReference; fileEncoding = 4; lastKnownFileType = sourcecode.c.h; path = "AgendaProvider+SharedInstance.h"; sourceTree = "<group>"; };
		810862830B82A465970701BF /* BaseValidator.m */ = {isa = PBXFileReference; fileEncoding = 4; lastKnownFileType = sourcecode.c.objc; path = BaseValidator.m; sourceTree = "<group>"; };
		8108629CFD0BEA91E271C917 /* FakePollAgendaProvider.h */ = {isa = PBXFileReference; fileEncoding = 4; lastKnownFileType = sourcecode.c.h; path = FakePollAgendaProvider.h; sourceTree = "<group>"; };
		81086306084AE59953A39AB2 /* AgendaProvider+SharedInstance.m */ = {isa = PBXFileReference; fileEncoding = 4; lastKnownFileType = sourcecode.c.objc; path = "AgendaProvider+SharedInstance.m"; sourceTree = "<group>"; };
		81086337E53519C55394BF26 /* FakePollManager.m */ = {isa = PBXFileReference; fileEncoding = 4; lastKnownFileType = sourcecode.c.objc; path = FakePollManager.m; sourceTree = "<group>"; };
		810863A399DF2C73F86CBB3C /* Agenda.JSON */ = {isa = PBXFileReference; lastKnownFileType = file.JSON; path = Agenda.JSON; sourceTree = "<group>"; };
		810864359846629EC344E7DC /* PollTextField.h */ = {isa = PBXFileReference; fileEncoding = 4; lastKnownFileType = sourcecode.c.h; path = PollTextField.h; sourceTree = "<group>"; };
		810864696868DEB6E3D638D9 /* PollView.m */ = {isa = PBXFileReference; fileEncoding = 4; lastKnownFileType = sourcecode.c.objc; path = PollView.m; sourceTree = "<group>"; };
		81086550EA62F0CD3E58CDC9 /* CommentValidator.h */ = {isa = PBXFileReference; fileEncoding = 4; lastKnownFileType = sourcecode.c.h; path = CommentValidator.h; sourceTree = "<group>"; };
		8108658947B4BF9E7612FDE6 /* NSLayoutConstraint+Utilities.m */ = {isa = PBXFileReference; fileEncoding = 4; lastKnownFileType = sourcecode.c.objc; path = "NSLayoutConstraint+Utilities.m"; sourceTree = "<group>"; };
		810865CD1845B24926B9304F /* PollSliderItem.m */ = {isa = PBXFileReference; fileEncoding = 4; lastKnownFileType = sourcecode.c.objc; path = PollSliderItem.m; sourceTree = "<group>"; };
		8108663003B8F153CE9F48C9 /* FakePollManager.h */ = {isa = PBXFileReference; fileEncoding = 4; lastKnownFileType = sourcecode.c.h; path = FakePollManager.h; sourceTree = "<group>"; };
		81086643ADD18D8483B46345 /* PollViewController.h */ = {isa = PBXFileReference; fileEncoding = 4; lastKnownFileType = sourcecode.c.h; path = PollViewController.h; sourceTree = "<group>"; };
		81086650B52C8E341CEBA0E2 /* FakePollAgendaProvider.m */ = {isa = PBXFileReference; fileEncoding = 4; lastKnownFileType = sourcecode.c.objc; path = FakePollAgendaProvider.m; sourceTree = "<group>"; };
		8108669326B9976BB96F7862 /* PollTextField.m */ = {isa = PBXFileReference; fileEncoding = 4; lastKnownFileType = sourcecode.c.objc; path = PollTextField.m; sourceTree = "<group>"; };
		810866FCAC38E491806480F0 /* PollView.h */ = {isa = PBXFileReference; fileEncoding = 4; lastKnownFileType = sourcecode.c.h; path = PollView.h; sourceTree = "<group>"; };
		81086748937B6F26BC62FCBC /* BaseValidator+SpecUtilities.m */ = {isa = PBXFileReference; fileEncoding = 4; lastKnownFileType = sourcecode.c.objc; path = "BaseValidator+SpecUtilities.m"; sourceTree = "<group>"; };
		81086752E3E47147613256AD /* ViewValidatorFactory.h */ = {isa = PBXFileReference; fileEncoding = 4; lastKnownFileType = sourcecode.c.h; path = ViewValidatorFactory.h; sourceTree = "<group>"; };
		810867CEB226013EA92C4573 /* PollManager.h */ = {isa = PBXFileReference; fileEncoding = 4; lastKnownFileType = sourcecode.c.h; path = PollManager.h; sourceTree = "<group>"; };
		810867D57EB6024B3BB3AFC1 /* PollViewController.m */ = {isa = PBXFileReference; fileEncoding = 4; lastKnownFileType = sourcecode.c.objc; path = PollViewController.m; sourceTree = "<group>"; };
		8108682AA5667A81D05AEA16 /* PollSlider.m */ = {isa = PBXFileReference; fileEncoding = 4; lastKnownFileType = sourcecode.c.objc; path = PollSlider.m; sourceTree = "<group>"; };
		810868438A11F8996B8EC76D /* ViewValidatorFactorySpec.m */ = {isa = PBXFileReference; fileEncoding = 4; lastKnownFileType = sourcecode.c.objc; path = ViewValidatorFactorySpec.m; sourceTree = "<group>"; };
		8108689579060B5FF554F6FE /* Poll.h */ = {isa = PBXFileReference; fileEncoding = 4; lastKnownFileType = sourcecode.c.h; path = Poll.h; sourceTree = "<group>"; };
		8108690BD9973061F45B5948 /* PollSlider.h */ = {isa = PBXFileReference; fileEncoding = 4; lastKnownFileType = sourcecode.c.h; path = PollSlider.h; sourceTree = "<group>"; };
		8108690D54A645B80415A792 /* Validating.h */ = {isa = PBXFileReference; fileEncoding = 4; lastKnownFileType = sourcecode.c.h; path = Validating.h; sourceTree = "<group>"; };
		810869D23166246A67515C7D /* CommentValidatorSpec.m */ = {isa = PBXFileReference; fileEncoding = 4; lastKnownFileType = sourcecode.c.objc; path = CommentValidatorSpec.m; sourceTree = "<group>"; };
		81086A10BFA7B0A80AE1DC6E /* FakeViewValidatorFactory.m */ = {isa = PBXFileReference; fileEncoding = 4; lastKnownFileType = sourcecode.c.objc; path = FakeViewValidatorFactory.m; sourceTree = "<group>"; };
		81086AB892D0D96B70845F9A /* ViewValidatorFactory.m */ = {isa = PBXFileReference; fileEncoding = 4; lastKnownFileType = sourcecode.c.objc; path = ViewValidatorFactory.m; sourceTree = "<group>"; };
		81086B00684003C35FE988C4 /* PollManager.m */ = {isa = PBXFileReference; fileEncoding = 4; lastKnownFileType = sourcecode.c.objc; path = PollManager.m; sourceTree = "<group>"; };
		81086B0D9ED2535E7BDB6F6A /* PollTextView.m */ = {isa = PBXFileReference; fileEncoding = 4; lastKnownFileType = sourcecode.c.objc; path = PollTextView.m; sourceTree = "<group>"; };
		81086B855A991D6B8C406F44 /* NameValidator.h */ = {isa = PBXFileReference; fileEncoding = 4; lastKnownFileType = sourcecode.c.h; path = NameValidator.h; sourceTree = "<group>"; };
		81086B8B7F531CD78206A31C /* FakeViewValidatorFactory.h */ = {isa = PBXFileReference; fileEncoding = 4; lastKnownFileType = sourcecode.c.h; path = FakeViewValidatorFactory.h; sourceTree = "<group>"; };
		81086BDF1E34DBE4C9C5205D /* FakePollViewController.m */ = {isa = PBXFileReference; fileEncoding = 4; lastKnownFileType = sourcecode.c.objc; path = FakePollViewController.m; sourceTree = "<group>"; };
		81086C4AE087835C90C35D21 /* EMailValidatorSpec.m */ = {isa = PBXFileReference; fileEncoding = 4; lastKnownFileType = sourcecode.c.objc; path = EMailValidatorSpec.m; sourceTree = "<group>"; };
		81086C9C3664DABFE46AD77B /* PollSliderItem.h */ = {isa = PBXFileReference; fileEncoding = 4; lastKnownFileType = sourcecode.c.h; path = PollSliderItem.h; sourceTree = "<group>"; };
		81086CE423EADE2E84F256E8 /* NameValidator.m */ = {isa = PBXFileReference; fileEncoding = 4; lastKnownFileType = sourcecode.c.objc; path = NameValidator.m; sourceTree = "<group>"; };
		81086D2899CC381180133247 /* SpecValidatorFixture.m */ = {isa = PBXFileReference; fileEncoding = 4; lastKnownFileType = sourcecode.c.objc; path = SpecValidatorFixture.m; sourceTree = "<group>"; };
		81086D2C036BDF1D371518B8 /* BaseValidator.h */ = {isa = PBXFileReference; fileEncoding = 4; lastKnownFileType = sourcecode.c.h; path = BaseValidator.h; sourceTree = "<group>"; };
		81086D38C45A12013087D372 /* CommentValidator.m */ = {isa = PBXFileReference; fileEncoding = 4; lastKnownFileType = sourcecode.c.objc; path = CommentValidator.m; sourceTree = "<group>"; };
		81086DB7AF1DA1000E168C97 /* PollManagerSpec.m */ = {isa = PBXFileReference; fileEncoding = 4; lastKnownFileType = sourcecode.c.objc; path = PollManagerSpec.m; sourceTree = "<group>"; };
		81086E6021AE14C1F87E9B1B /* Poll.m */ = {isa = PBXFileReference; fileEncoding = 4; lastKnownFileType = sourcecode.c.objc; path = Poll.m; sourceTree = "<group>"; };
		81086EB1C3531358D53E1ED6 /* NameValidatorSpec.m */ = {isa = PBXFileReference; fileEncoding = 4; lastKnownFileType = sourcecode.c.objc; path = NameValidatorSpec.m; sourceTree = "<group>"; };
		81086ED2C460280A242A411A /* EMailValidator.h */ = {isa = PBXFileReference; fileEncoding = 4; lastKnownFileType = sourcecode.c.h; path = EMailValidator.h; sourceTree = "<group>"; };
		81086F9A7C04B9BEB5369E32 /* SpecValidatorFixture.h */ = {isa = PBXFileReference; fileEncoding = 4; lastKnownFileType = sourcecode.c.h; path = SpecValidatorFixture.h; sourceTree = "<group>"; };
		81086FD55CC1316A7DC6B195 /* FakePollViewController.h */ = {isa = PBXFileReference; fileEncoding = 4; lastKnownFileType = sourcecode.c.h; path = FakePollViewController.h; sourceTree = "<group>"; };
		81086FFD6A2E06064ABAE888 /* NSLayoutConstraint+Utilities.h */ = {isa = PBXFileReference; fileEncoding = 4; lastKnownFileType = sourcecode.c.h; path = "NSLayoutConstraint+Utilities.h"; sourceTree = "<group>"; };
		B1988BE4051D4DB1BD8289FA /* Pods.xcconfig */ = {isa = PBXFileReference; includeInIndex = 1; lastKnownFileType = text.xcconfig; name = Pods.xcconfig; path = Pods/Pods.xcconfig; sourceTree = "<group>"; };
		B27A906A6CF5289BAF372867 /* SpeakerCollectionViewCell.h */ = {isa = PBXFileReference; fileEncoding = 4; lastKnownFileType = sourcecode.c.h; path = SpeakerCollectionViewCell.h; sourceTree = "<group>"; };
		B27A90E688525135350583C0 /* AgendaCollectionViewDataSource.m */ = {isa = PBXFileReference; fileEncoding = 4; lastKnownFileType = sourcecode.c.objc; path = AgendaCollectionViewDataSource.m; sourceTree = "<group>"; };
		B27A91D8F9FC82A0D8F2EB73 /* AppDelegate.h */ = {isa = PBXFileReference; fileEncoding = 4; lastKnownFileType = sourcecode.c.h; path = AppDelegate.h; sourceTree = "<group>"; };
		B27A9294987EC3FA6A167639 /* TDD Workshop-Prefix.pch */ = {isa = PBXFileReference; fileEncoding = 4; lastKnownFileType = sourcecode.c.h; path = "TDD Workshop-Prefix.pch"; sourceTree = "<group>"; };
		B27A92AF299A933F6819BD8F /* SpeakersCollectionViewDataSource.m */ = {isa = PBXFileReference; fileEncoding = 4; lastKnownFileType = sourcecode.c.objc; path = SpeakersCollectionViewDataSource.m; sourceTree = "<group>"; };
		B27A92D0682AFE21E11385A9 /* AgendaViewControllerSpec.m */ = {isa = PBXFileReference; fileEncoding = 4; lastKnownFileType = sourcecode.c.objc; path = AgendaViewControllerSpec.m; sourceTree = "<group>"; };
		B27A93855BF2107C0B4BF793 /* SpeakersViewController.h */ = {isa = PBXFileReference; fileEncoding = 4; lastKnownFileType = sourcecode.c.h; path = SpeakersViewController.h; sourceTree = "<group>"; };
		B27A93CAC3CD72BA2BC95435 /* AgendaCollectionViewCell.m */ = {isa = PBXFileReference; fileEncoding = 4; lastKnownFileType = sourcecode.c.objc; path = AgendaCollectionViewCell.m; sourceTree = "<group>"; };
		B27A945B2F9713B160FE4645 /* main.m */ = {isa = PBXFileReference; fileEncoding = 4; lastKnownFileType = sourcecode.c.objc; path = main.m; sourceTree = "<group>"; };
		B27A946A674AB41D1AD4B020 /* SpeakerCell.h */ = {isa = PBXFileReference; fileEncoding = 4; lastKnownFileType = sourcecode.c.h; path = SpeakerCell.h; sourceTree = "<group>"; };
		B27A95CBA8217D8E220C878C /* SpeakersCollectionViewLayout.h */ = {isa = PBXFileReference; fileEncoding = 4; lastKnownFileType = sourcecode.c.h; path = SpeakersCollectionViewLayout.h; sourceTree = "<group>"; };
		B27A95D785FBAC782725090F /* Speaker.h */ = {isa = PBXFileReference; fileEncoding = 4; lastKnownFileType = sourcecode.c.h; path = Speaker.h; sourceTree = "<group>"; };
		B27A962953CC54B6ECA2B94E /* RootTabBarController.h */ = {isa = PBXFileReference; fileEncoding = 4; lastKnownFileType = sourcecode.c.h; path = RootTabBarController.h; sourceTree = "<group>"; };
		B27A968609A6DC361DD37334 /* SpeakerDetailsViewController.h */ = {isa = PBXFileReference; fileEncoding = 4; lastKnownFileType = sourcecode.c.h; path = SpeakerDetailsViewController.h; sourceTree = "<group>"; };
		B27A96CC784650B22E261274 /* SpeakersViewController.m */ = {isa = PBXFileReference; fileEncoding = 4; lastKnownFileType = sourcecode.c.objc; path = SpeakersViewController.m; sourceTree = "<group>"; };
		B27A9720DB26070703067460 /* SpeakersViewControllerSpec.m */ = {isa = PBXFileReference; fileEncoding = 4; lastKnownFileType = sourcecode.c.objc; path = SpeakersViewControllerSpec.m; sourceTree = "<group>"; };
		B27A978BF7383A6A17F08BA5 /* AgendaViewController.h */ = {isa = PBXFileReference; fileEncoding = 4; lastKnownFileType = sourcecode.c.h; path = AgendaViewController.h; sourceTree = "<group>"; };
		B27A97CEB86DD7DCEFFB29BD /* TDD Workshop-Info.plist */ = {isa = PBXFileReference; fileEncoding = 4; lastKnownFileType = text.plist.info; path = "TDD Workshop-Info.plist"; sourceTree = "<group>"; };
		B27A97D7E26B0DD389DAA34F /* RootTabBarController.m */ = {isa = PBXFileReference; fileEncoding = 4; lastKnownFileType = sourcecode.c.objc; path = RootTabBarController.m; sourceTree = "<group>"; };
		B27A98A82123128D7921D187 /* AppDelegate.m */ = {isa = PBXFileReference; fileEncoding = 4; lastKnownFileType = sourcecode.c.objc; path = AppDelegate.m; sourceTree = "<group>"; };
		B27A98C9553E38A463E9F4D9 /* AgendaProvider.m */ = {isa = PBXFileReference; fileEncoding = 4; lastKnownFileType = sourcecode.c.objc; path = AgendaProvider.m; sourceTree = "<group>"; };
		B27A992CDED62E26B51734A3 /* SpeakersCollectionViewDataSource.h */ = {isa = PBXFileReference; fileEncoding = 4; lastKnownFileType = sourcecode.c.h; path = SpeakersCollectionViewDataSource.h; sourceTree = "<group>"; };
		B27A9959941ED617E76CFAF9 /* SeparatorView.h */ = {isa = PBXFileReference; fileEncoding = 4; lastKnownFileType = sourcecode.c.h; path = SeparatorView.h; sourceTree = "<group>"; };
		B27A9A19F501F0EBB0F4CE4D /* UIColor+TDDWorkshop.m */ = {isa = PBXFileReference; fileEncoding = 4; lastKnownFileType = sourcecode.c.objc; path = "UIColor+TDDWorkshop.m"; sourceTree = "<group>"; };
		B27A9A53CE040108B6159872 /* AgendaCollectionViewCell.h */ = {isa = PBXFileReference; fileEncoding = 4; lastKnownFileType = sourcecode.c.h; path = AgendaCollectionViewCell.h; sourceTree = "<group>"; };
		B27A9A7F313CB7B4BA43122F /* SpeakerDetailsViewControllerSpec.m */ = {isa = PBXFileReference; fileEncoding = 4; lastKnownFileType = sourcecode.c.objc; path = SpeakerDetailsViewControllerSpec.m; sourceTree = "<group>"; };
		B27A9A99558246AC21EABCD7 /* SeparatorView.m */ = {isa = PBXFileReference; fileEncoding = 4; lastKnownFileType = sourcecode.c.objc; path = SeparatorView.m; sourceTree = "<group>"; };
		B27A9AA93D804D88540AD695 /* UIColor+TDDWorkshop.h */ = {isa = PBXFileReference; fileEncoding = 4; lastKnownFileType = sourcecode.c.h; path = "UIColor+TDDWorkshop.h"; sourceTree = "<group>"; };
		B27A9AE1C12AECA3342112A0 /* AgendaProvider.h */ = {isa = PBXFileReference; fileEncoding = 4; lastKnownFileType = sourcecode.c.h; path = AgendaProvider.h; sourceTree = "<group>"; };
		B27A9BB373E87A85573C3463 /* AgendaViewController.m */ = {isa = PBXFileReference; fileEncoding = 4; lastKnownFileType = sourcecode.c.objc; path = AgendaViewController.m; sourceTree = "<group>"; };
		B27A9BEE6F48E39B73B68281 /* Speakers.JSON */ = {isa = PBXFileReference; lastKnownFileType = file.JSON; path = Speakers.JSON; sourceTree = "<group>"; };
		B27A9BFB623551B2B8B63403 /* SpeakerDetailsViewController.m */ = {isa = PBXFileReference; fileEncoding = 4; lastKnownFileType = sourcecode.c.objc; path = SpeakerDetailsViewController.m; sourceTree = "<group>"; };
		B27A9C59E6E6435FEAA650A4 /* SpeakersCollectionViewLayout.m */ = {isa = PBXFileReference; fileEncoding = 4; lastKnownFileType = sourcecode.c.objc; path = SpeakersCollectionViewLayout.m; sourceTree = "<group>"; };
		B27A9CFFF76719DF63F378A8 /* Speaker.m */ = {isa = PBXFileReference; fileEncoding = 4; lastKnownFileType = sourcecode.c.objc; path = Speaker.m; sourceTree = "<group>"; };
		B27A9D03E0BFFE1351B0F75F /* AgendaItem.h */ = {isa = PBXFileReference; fileEncoding = 4; lastKnownFileType = sourcecode.c.h; path = AgendaItem.h; sourceTree = "<group>"; };
		B27A9D22A0F1383379E96210 /* SpeakerCollectionViewCellSpec.m */ = {isa = PBXFileReference; fileEncoding = 4; lastKnownFileType = sourcecode.c.objc; path = SpeakerCollectionViewCellSpec.m; sourceTree = "<group>"; };
		B27A9D2C679D85AD77ECDB6D /* SpeakersCollectionViewDataSourceSpec.m */ = {isa = PBXFileReference; fileEncoding = 4; lastKnownFileType = sourcecode.c.objc; path = SpeakersCollectionViewDataSourceSpec.m; sourceTree = "<group>"; };
		B27A9E37AC949A57E1B51C39 /* SpeakerCollectionViewCell.m */ = {isa = PBXFileReference; fileEncoding = 4; lastKnownFileType = sourcecode.c.objc; path = SpeakerCollectionViewCell.m; sourceTree = "<group>"; };
		B27A9EA130AFF757F72BDC66 /* Main.storyboard */ = {isa = PBXFileReference; lastKnownFileType = file.storyboard; path = Main.storyboard; sourceTree = "<group>"; };
		B27A9F1C86B830D77578705F /* Images.xcassets */ = {isa = PBXFileReference; lastKnownFileType = folder.assetcatalog; path = Images.xcassets; sourceTree = "<group>"; };
		B27A9FB3501C500CA929A2A1 /* AgendaItem.m */ = {isa = PBXFileReference; fileEncoding = 4; lastKnownFileType = sourcecode.c.objc; path = AgendaItem.m; sourceTree = "<group>"; };
		B27A9FDB0DEEF04711AFC203 /* AgendaCollectionViewDataSource.h */ = {isa = PBXFileReference; fileEncoding = 4; lastKnownFileType = sourcecode.c.h; path = AgendaCollectionViewDataSource.h; sourceTree = "<group>"; };
		B2F06B64128243AF9AC3D4B0 /* libPods-specs.a */ = {isa = PBXFileReference; explicitFileType = archive.ar; includeInIndex = 0; path = "libPods-specs.a"; sourceTree = BUILT_PRODUCTS_DIR; };
		E59A1BB742214388ABE91004 /* libPods.a */ = {isa = PBXFileReference; explicitFileType = archive.ar; includeInIndex = 0; path = libPods.a; sourceTree = BUILT_PRODUCTS_DIR; };
/* End PBXFileReference section */

/* Begin PBXFrameworksBuildPhase section */
		43C5D4AE1904429F002D1766 /* Frameworks */ = {
			isa = PBXFrameworksBuildPhase;
			buildActionMask = 2147483647;
			files = (
				43C5D4B71904429F002D1766 /* CoreGraphics.framework in Frameworks */,
				43C5D4B91904429F002D1766 /* UIKit.framework in Frameworks */,
				43C5D4B51904429F002D1766 /* Foundation.framework in Frameworks */,
				0835AE51E1D442A2BE7765FA /* libPods.a in Frameworks */,
			);
			runOnlyForDeploymentPostprocessing = 0;
		};
		43C5D4D21904429F002D1766 /* Frameworks */ = {
			isa = PBXFrameworksBuildPhase;
			buildActionMask = 2147483647;
			files = (
				43C5D4D71904429F002D1766 /* XCTest.framework in Frameworks */,
				43C5D4D91904429F002D1766 /* UIKit.framework in Frameworks */,
				43C5D4D81904429F002D1766 /* Foundation.framework in Frameworks */,
				BD856E5C1C064F578B72D2D3 /* libPods-specs.a in Frameworks */,
			);
			runOnlyForDeploymentPostprocessing = 0;
		};
/* End PBXFrameworksBuildPhase section */

/* Begin PBXGroup section */
		1EDB821A28DD8CAF7BA0E7B6 /* Fixtures */ = {
			isa = PBXGroup;
			children = (
				1EDB86E908039895488C9398 /* AgendaItemFixture.m */,
				1EDB8BDFB344DF3A32724382 /* AgendaItemFixture.h */,
				81086D2899CC381180133247 /* SpecValidatorFixture.m */,
				81086F9A7C04B9BEB5369E32 /* SpecValidatorFixture.h */,
			);
			path = Fixtures;
			sourceTree = "<group>";
		};
		1EDB889573FF6D6F835D06D2 /* Fakes */ = {
			isa = PBXGroup;
			children = (
				1EDB8FEB587E71943373CE37 /* FakeAgendaProvider.h */,
				1EDB8C06591F6E2CFA397CAF /* FakeAgendaProvider.m */,
				1EDB8DC8BECEE523F246FC82 /* FakeAgendaCollectionViewDataSource.h */,
				1EDB836B8C0BBED816EC918A /* FakeAgendaCollectionViewDataSource.m */,
				1EDB8A2AB8AECD1BF0ECAECA /* FakeCollectionView.m */,
				1EDB84F5A15840E705C1A65A /* FakeCollectionView.h */,
				81086337E53519C55394BF26 /* FakePollManager.m */,
				8108663003B8F153CE9F48C9 /* FakePollManager.h */,
				81086650B52C8E341CEBA0E2 /* FakePollAgendaProvider.m */,
				8108629CFD0BEA91E271C917 /* FakePollAgendaProvider.h */,
				81086BDF1E34DBE4C9C5205D /* FakePollViewController.m */,
				81086FD55CC1316A7DC6B195 /* FakePollViewController.h */,
				81086A10BFA7B0A80AE1DC6E /* FakeViewValidatorFactory.m */,
				81086B8B7F531CD78206A31C /* FakeViewValidatorFactory.h */,
			);
			path = Fakes;
			sourceTree = "<group>";
		};
		43C5D4A81904429F002D1766 = {
			isa = PBXGroup;
			children = (
				43C5D4BA1904429F002D1766 /* TDD Workshop */,
				43C5D4DC1904429F002D1766 /* TDD WorkshopTests */,
				43C5D4B31904429F002D1766 /* Frameworks */,
				43C5D4B21904429F002D1766 /* Products */,
				4442B29770594D57863624A3 /* Pods-specs.xcconfig */,
				B1988BE4051D4DB1BD8289FA /* Pods.xcconfig */,
			);
			sourceTree = "<group>";
		};
		43C5D4B21904429F002D1766 /* Products */ = {
			isa = PBXGroup;
			children = (
				43C5D4B11904429F002D1766 /* TDD Workshop.app */,
				43C5D4D51904429F002D1766 /* TDD WorkshopTests.xctest */,
			);
			name = Products;
			sourceTree = "<group>";
		};
		43C5D4B31904429F002D1766 /* Frameworks */ = {
			isa = PBXGroup;
			children = (
				43C5D4B41904429F002D1766 /* Foundation.framework */,
				43C5D4B61904429F002D1766 /* CoreGraphics.framework */,
				43C5D4B81904429F002D1766 /* UIKit.framework */,
				43C5D4D61904429F002D1766 /* XCTest.framework */,
				B2F06B64128243AF9AC3D4B0 /* libPods-specs.a */,
				E59A1BB742214388ABE91004 /* libPods.a */,
			);
			name = Frameworks;
			sourceTree = "<group>";
		};
		43C5D4BA1904429F002D1766 /* TDD Workshop */ = {
			isa = PBXGroup;
			children = (
				B27A9A92B5A2302997B59011 /* Resources */,
				B27A99AD7B4735A5672A09B5 /* Classes */,
				B27A9E9ACBB64E62E3481B49 /* Supporting Files */,
			);
			path = "TDD Workshop";
			sourceTree = "<group>";
		};
		43C5D4DC1904429F002D1766 /* TDD WorkshopTests */ = {
			isa = PBXGroup;
			children = (
				43C5D4DD1904429F002D1766 /* Supporting Files */,
				1EDB889573FF6D6F835D06D2 /* Fakes */,
				1EDB821A28DD8CAF7BA0E7B6 /* Fixtures */,
			);
			path = "TDD WorkshopTests";
			sourceTree = "<group>";
		};
		43C5D4DD1904429F002D1766 /* Supporting Files */ = {
			isa = PBXGroup;
			children = (
				43C5D4EC190447DE002D1766 /* Specs.h */,
				43C5D4DE1904429F002D1766 /* TDD WorkshopTests-Info.plist */,
				43C5D4DF1904429F002D1766 /* InfoPlist.strings */,
			);
			name = "Supporting Files";
			sourceTree = "<group>";
		};
		5104304FE94993E43B18A319 /* App Configuration */ = {
			isa = PBXGroup;
			children = (
				5104360D9F181D89E20CA03C /* Configurator.m */,
				5104335135485178594E1772 /* Configurator.h */,
				5104384BE0B04D91B48B5A49 /* Configuration.h */,
				51043C0A7BD0895BF7021DFB /* ConfigurationFactory.m */,
				510433D6C025A50F0EFD5946 /* ConfigurationFactory.h */,
				51043773590E4A4E0B61C4F0 /* Configurations */,
			);
			path = "App Configuration";
			sourceTree = "<group>";
		};
		51043080C62EC0FA452F8F09 /* Photo Stream */ = {
			isa = PBXGroup;
			children = (
				51043207E6DA7C07E54F2B88 /* PhotoStreamViewController.m */,
				510439AF098214E645561005 /* PhotoStreamViewController.h */,
				510430351EDD2ECC10DB5F0C /* PhotoStreamViewControllerSpec.m */,
				51043DE3BA6425BDC5EDDCAE /* Model */,
				510436386EF795A0010989C7 /* UI */,
				510431EE5B6B07FE13F635DD /* Preview */,
			);
			path = "Photo Stream";
			sourceTree = "<group>";
		};
		510431EE5B6B07FE13F635DD /* Preview */ = {
			isa = PBXGroup;
			children = (
				510431497BD5ED2FA70D4A3C /* StreamItemPreviewViewController.h */,
				51043DE94D02BF3DAD3C447E /* StreamItemPreviewViewController.m */,
				5104396E024236D211BE68A7 /* StreamItemPreviewViewControllerSpec.m */,
			);
			path = Preview;
			sourceTree = "<group>";
		};
		510436386EF795A0010989C7 /* UI */ = {
			isa = PBXGroup;
			children = (
				51043490CB53601D7905B27C /* PhotoStreamLayout.m */,
				51043647DD431C4314D6D6C1 /* PhotoStreamLayout.h */,
				510437B92629399AA5A617E6 /* PhotoStreamCell.m */,
				51043640F0691B27318ED39B /* PhotoStreamCell.h */,
			);
			path = UI;
			sourceTree = "<group>";
		};
		51043773590E4A4E0B61C4F0 /* Configurations */ = {
			isa = PBXGroup;
			children = (
				51043AB14D427734F191F4B3 /* CracowConfiguration.m */,
				510438A1415624392BB038A8 /* CracowConfiguration.h */,
			);
			path = Configurations;
			sourceTree = "<group>";
		};
		51043DE3BA6425BDC5EDDCAE /* Model */ = {
			isa = PBXGroup;
			children = (
				510437936BA1CFAE94AA5BBB /* StreamItemUploader.m */,
				51043F16E2B9F624D87DD1E0 /* StreamItemUploader.h */,
				510436CAD5C76AB731F5FC76 /* StreamItem.m */,
				510436F9CF147A9F0DE5D97B /* StreamItem.h */,
				510434BAAD88EC50EEB039B1 /* StreamItemCreator.m */,
				510432AAC735F6797D1522FB /* StreamItemCreator.h */,
				51043B6325427C8FAF2CAAEE /* StreamItemDownloader.m */,
				510433ABB1897A0420B539B4 /* StreamItemDownloader.h */,
				51043C7AD35D283FC3A8997B /* StreamItemTransformer.m */,
				510436E62419B941DDEA1A1D /* StreamItemTransformer.h */,
			);
			path = Model;
			sourceTree = "<group>";
		};
		810863000DE4FE3DB0A61869 /* Validators */ = {
			isa = PBXGroup;
			children = (
				81086AB892D0D96B70845F9A /* ViewValidatorFactory.m */,
				81086752E3E47147613256AD /* ViewValidatorFactory.h */,
				8108690D54A645B80415A792 /* Validating.h */,
				810868438A11F8996B8EC76D /* ViewValidatorFactorySpec.m */,
				81086447450EA8518CC0B586 /* Base */,
				810863BF4C9D5A9F101CDB6B /* NameValidator */,
				81086A2070392A62F824D5F0 /* CommentValidator */,
				81086487FC8CFA285E72640C /* EMailValidator */,
			);
			path = Validators;
			sourceTree = "<group>";
		};
		810863BF4C9D5A9F101CDB6B /* NameValidator */ = {
			isa = PBXGroup;
			children = (
				81086B855A991D6B8C406F44 /* NameValidator.h */,
				81086EB1C3531358D53E1ED6 /* NameValidatorSpec.m */,
				81086CE423EADE2E84F256E8 /* NameValidator.m */,
			);
			path = NameValidator;
			sourceTree = "<group>";
		};
		81086447450EA8518CC0B586 /* Base */ = {
			isa = PBXGroup;
			children = (
				81086112A900CF1F1CA953D5 /* BaseValidator+SpecUtilities.h */,
				81086748937B6F26BC62FCBC /* BaseValidator+SpecUtilities.m */,
				81086D2C036BDF1D371518B8 /* BaseValidator.h */,
				810862830B82A465970701BF /* BaseValidator.m */,
			);
			path = Base;
			sourceTree = "<group>";
		};
		81086487FC8CFA285E72640C /* EMailValidator */ = {
			isa = PBXGroup;
			children = (
				81086ED2C460280A242A411A /* EMailValidator.h */,
				81086C4AE087835C90C35D21 /* EMailValidatorSpec.m */,
				8108603216FB4C0AF321CF59 /* EMailValidator.m */,
			);
			path = EMailValidator;
			sourceTree = "<group>";
		};
		810866EA08EFFD118D9F0215 /* Poll */ = {
			isa = PBXGroup;
			children = (
				810869F55DD4C0792EA5B12D /* UI */,
				81086CD4AEBE58551F6543E9 /* Model */,
				810863000DE4FE3DB0A61869 /* Validators */,
			);
			path = Poll;
			sourceTree = "<group>";
		};
		8108686FD8B0743CDB46E184 /* Controls */ = {
			isa = PBXGroup;
			children = (
				8108690BD9973061F45B5948 /* PollSlider.h */,
				8108682AA5667A81D05AEA16 /* PollSlider.m */,
				8108605EE578750878FC1317 /* PollTextView.h */,
				81086B0D9ED2535E7BDB6F6A /* PollTextView.m */,
				810864359846629EC344E7DC /* PollTextField.h */,
				8108669326B9976BB96F7862 /* PollTextField.m */,
			);
			path = Controls;
			sourceTree = "<group>";
		};
		810869F55DD4C0792EA5B12D /* UI */ = {
			isa = PBXGroup;
			children = (
				8108686FD8B0743CDB46E184 /* Controls */,
				810866FCAC38E491806480F0 /* PollView.h */,
				810864696868DEB6E3D638D9 /* PollView.m */,
				81086643ADD18D8483B46345 /* PollViewController.h */,
				810867D57EB6024B3BB3AFC1 /* PollViewController.m */,
				8108608AABA9DEECDAC8D60B /* PollViewControllerSpec.m */,
			);
			path = UI;
			sourceTree = "<group>";
		};
		81086A2070392A62F824D5F0 /* CommentValidator */ = {
			isa = PBXGroup;
			children = (
				81086550EA62F0CD3E58CDC9 /* CommentValidator.h */,
				810869D23166246A67515C7D /* CommentValidatorSpec.m */,
				81086D38C45A12013087D372 /* CommentValidator.m */,
			);
			path = CommentValidator;
			sourceTree = "<group>";
		};
		81086B937B61D6A399390A39 /* Utilities */ = {
			isa = PBXGroup;
			children = (
				8108658947B4BF9E7612FDE6 /* NSLayoutConstraint+Utilities.m */,
				81086FFD6A2E06064ABAE888 /* NSLayoutConstraint+Utilities.h */,
			);
			path = Utilities;
			sourceTree = "<group>";
		};
		81086CD4AEBE58551F6543E9 /* Model */ = {
			isa = PBXGroup;
			children = (
				8108689579060B5FF554F6FE /* Poll.h */,
				81086E6021AE14C1F87E9B1B /* Poll.m */,
				810867CEB226013EA92C4573 /* PollManager.h */,
				81086B00684003C35FE988C4 /* PollManager.m */,
				81086C9C3664DABFE46AD77B /* PollSliderItem.h */,
				810865CD1845B24926B9304F /* PollSliderItem.m */,
				81086DB7AF1DA1000E168C97 /* PollManagerSpec.m */,
			);
			path = Model;
			sourceTree = "<group>";
		};
		B27A905CCCD72204B3022D5F /* Agenda */ = {
			isa = PBXGroup;
			children = (
				B27A9BB373E87A85573C3463 /* AgendaViewController.m */,
				B27A978BF7383A6A17F08BA5 /* AgendaViewController.h */,
				B27A9BE18D0C70ACFDEE0C5E /* Model */,
				B27A93CAC3CD72BA2BC95435 /* AgendaCollectionViewCell.m */,
				B27A9A53CE040108B6159872 /* AgendaCollectionViewCell.h */,
				B27A92D0682AFE21E11385A9 /* AgendaViewControllerSpec.m */,
				B27A90E688525135350583C0 /* AgendaCollectionViewDataSource.m */,
				B27A9FDB0DEEF04711AFC203 /* AgendaCollectionViewDataSource.h */,
				1EDB861D7FD3F44E422AEECE /* AgendaCollectionViewDataSourceSpec.m */,
			);
			path = Agenda;
			sourceTree = "<group>";
		};
		B27A91BBD0A018454C9F8083 /* Speakers View Controller */ = {
			isa = PBXGroup;
			children = (
				B27A9438A2AE6D7D8129E745 /* Model */,
				B27A9854DEB8FC40133A1938 /* Collection View Data Source */,
				B27A93855BF2107C0B4BF793 /* SpeakersViewController.h */,
				B27A96CC784650B22E261274 /* SpeakersViewController.m */,
				B27A9720DB26070703067460 /* SpeakersViewControllerSpec.m */,
				B27A9974490EAF0CCE630A99 /* Speaker Cell */,
				B27A9AC841A2DE6B9E8CE871 /* Collection View Layout */,
				B27A997854D3543F86E615CE /* Speaker Details */,
			);
			path = "Speakers View Controller";
			sourceTree = "<group>";
		};
		B27A9438A2AE6D7D8129E745 /* Model */ = {
			isa = PBXGroup;
			children = (
				B27A95D785FBAC782725090F /* Speaker.h */,
				B27A9CFFF76719DF63F378A8 /* Speaker.m */,
			);
			path = Model;
			sourceTree = "<group>";
		};
		B27A9854DEB8FC40133A1938 /* Collection View Data Source */ = {
			isa = PBXGroup;
			children = (
				B27A92AF299A933F6819BD8F /* SpeakersCollectionViewDataSource.m */,
				B27A992CDED62E26B51734A3 /* SpeakersCollectionViewDataSource.h */,
				B27A9D2C679D85AD77ECDB6D /* SpeakersCollectionViewDataSourceSpec.m */,
			);
			path = "Collection View Data Source";
			sourceTree = "<group>";
		};
		B27A9974490EAF0CCE630A99 /* Speaker Cell */ = {
			isa = PBXGroup;
			children = (
				B27A946A674AB41D1AD4B020 /* SpeakerCell.h */,
				B27A9E37AC949A57E1B51C39 /* SpeakerCollectionViewCell.m */,
				B27A906A6CF5289BAF372867 /* SpeakerCollectionViewCell.h */,
				B27A9D22A0F1383379E96210 /* SpeakerCollectionViewCellSpec.m */,
			);
			path = "Speaker Cell";
			sourceTree = "<group>";
		};
		B27A997854D3543F86E615CE /* Speaker Details */ = {
			isa = PBXGroup;
			children = (
				B27A9BFB623551B2B8B63403 /* SpeakerDetailsViewController.m */,
				B27A968609A6DC361DD37334 /* SpeakerDetailsViewController.h */,
				B27A9A7F313CB7B4BA43122F /* SpeakerDetailsViewControllerSpec.m */,
			);
			path = "Speaker Details";
			sourceTree = "<group>";
		};
		B27A99AD7B4735A5672A09B5 /* Classes */ = {
			isa = PBXGroup;
			children = (
				B27A91D8F9FC82A0D8F2EB73 /* AppDelegate.h */,
				B27A98A82123128D7921D187 /* AppDelegate.m */,
				B27A91BBD0A018454C9F8083 /* Speakers View Controller */,
				B27A9FBE6D308D19B375886B /* Tab Bar Controllers */,
				B27A9D44EA2C042CB566EBE4 /* General */,
				51043080C62EC0FA452F8F09 /* Photo Stream */,
				5104304FE94993E43B18A319 /* App Configuration */,
				B27A905CCCD72204B3022D5F /* Agenda */,
				810866EA08EFFD118D9F0215 /* Poll */,
				81086B937B61D6A399390A39 /* Utilities */,
			);
			path = Classes;
			sourceTree = "<group>";
		};
		B27A9A92B5A2302997B59011 /* Resources */ = {
			isa = PBXGroup;
			children = (
				B27A9F1C86B830D77578705F /* Images.xcassets */,
				B27A9EA130AFF757F72BDC66 /* Main.storyboard */,
				B27A9BEE6F48E39B73B68281 /* Speakers.JSON */,
				5104345744CA86EDD8BC6565 /* Localizable.strings */,
				810863A399DF2C73F86CBB3C /* Agenda.JSON */,
			);
			path = Resources;
			sourceTree = "<group>";
		};
		B27A9AC841A2DE6B9E8CE871 /* Collection View Layout */ = {
			isa = PBXGroup;
			children = (
				B27A9C59E6E6435FEAA650A4 /* SpeakersCollectionViewLayout.m */,
				B27A95CBA8217D8E220C878C /* SpeakersCollectionViewLayout.h */,
				B27A9A99558246AC21EABCD7 /* SeparatorView.m */,
				B27A9959941ED617E76CFAF9 /* SeparatorView.h */,
			);
			path = "Collection View Layout";
			sourceTree = "<group>";
		};
		B27A9BE18D0C70ACFDEE0C5E /* Model */ = {
			isa = PBXGroup;
			children = (
				B27A9FB3501C500CA929A2A1 /* AgendaItem.m */,
				B27A9D03E0BFFE1351B0F75F /* AgendaItem.h */,
				B27A98C9553E38A463E9F4D9 /* AgendaProvider.m */,
				B27A9AE1C12AECA3342112A0 /* AgendaProvider.h */,
				1EDB8361EBA8EEABB97963E4 /* AgendaProviderSpec.m */,
				81086306084AE59953A39AB2 /* AgendaProvider+SharedInstance.m */,
				8108618E9EA466C9108D9CDB /* AgendaProvider+SharedInstance.h */,
			);
			path = Model;
			sourceTree = "<group>";
		};
		B27A9D44EA2C042CB566EBE4 /* General */ = {
			isa = PBXGroup;
			children = (
				B27A9A19F501F0EBB0F4CE4D /* UIColor+TDDWorkshop.m */,
				B27A9AA93D804D88540AD695 /* UIColor+TDDWorkshop.h */,
				51043681C8216DA34C60E288 /* ImageResizer.h */,
				510439BD510B17C8EEF28909 /* ImageResizer.m */,
			);
			path = General;
			sourceTree = "<group>";
		};
		B27A9E9ACBB64E62E3481B49 /* Supporting Files */ = {
			isa = PBXGroup;
			children = (
				B27A945B2F9713B160FE4645 /* main.m */,
				B27A97CEB86DD7DCEFFB29BD /* TDD Workshop-Info.plist */,
				B27A9294987EC3FA6A167639 /* TDD Workshop-Prefix.pch */,
			);
			path = "Supporting Files";
			sourceTree = "<group>";
		};
		B27A9FBE6D308D19B375886B /* Tab Bar Controllers */ = {
			isa = PBXGroup;
			children = (
				B27A97D7E26B0DD389DAA34F /* RootTabBarController.m */,
				B27A962953CC54B6ECA2B94E /* RootTabBarController.h */,
			);
			path = "Tab Bar Controllers";
			sourceTree = "<group>";
		};
/* End PBXGroup section */

/* Begin PBXNativeTarget section */
		43C5D4B01904429F002D1766 /* TDD Workshop */ = {
			isa = PBXNativeTarget;
			buildConfigurationList = 43C5D4E61904429F002D1766 /* Build configuration list for PBXNativeTarget "TDD Workshop" */;
			buildPhases = (
				85B6ADA36F4C4FF69C246BB4 /* Check Pods Manifest.lock */,
				43C5D4AD1904429F002D1766 /* Sources */,
				43C5D4AE1904429F002D1766 /* Frameworks */,
				43C5D4AF1904429F002D1766 /* Resources */,
				C8D9F3FC509A4F2D844F395D /* Copy Pods Resources */,
			);
			buildRules = (
			);
			dependencies = (
			);
			name = "TDD Workshop";
			productName = "TDD Workshop";
			productReference = 43C5D4B11904429F002D1766 /* TDD Workshop.app */;
			productType = "com.apple.product-type.application";
		};
		43C5D4D41904429F002D1766 /* TDD WorkshopTests */ = {
			isa = PBXNativeTarget;
			buildConfigurationList = 43C5D4E91904429F002D1766 /* Build configuration list for PBXNativeTarget "TDD WorkshopTests" */;
			buildPhases = (
				10001173FCC242ABB57BC531 /* Check Pods Manifest.lock */,
				43C5D4D11904429F002D1766 /* Sources */,
				43C5D4D21904429F002D1766 /* Frameworks */,
				43C5D4D31904429F002D1766 /* Resources */,
				2EC463FE364B4192ACA22B91 /* Copy Pods Resources */,
			);
			buildRules = (
			);
			dependencies = (
				43C5D4DB1904429F002D1766 /* PBXTargetDependency */,
			);
			name = "TDD WorkshopTests";
			productName = "TDD WorkshopTests";
			productReference = 43C5D4D51904429F002D1766 /* TDD WorkshopTests.xctest */;
			productType = "com.apple.product-type.bundle.unit-test";
		};
/* End PBXNativeTarget section */

/* Begin PBXProject section */
		43C5D4A91904429F002D1766 /* Project object */ = {
			isa = PBXProject;
			attributes = {
				LastUpgradeCheck = 0510;
				ORGANIZATIONNAME = "Mobile Warsaw";
				TargetAttributes = {
					43C5D4D41904429F002D1766 = {
						TestTargetID = 43C5D4B01904429F002D1766 /* TDD Workshop */;
					};
				};
			};
			buildConfigurationList = 43C5D4AC1904429F002D1766 /* Build configuration list for PBXProject "TDD Workshop" */;
			compatibilityVersion = "Xcode 3.2";
			developmentRegion = English;
			hasScannedForEncodings = 0;
			knownRegions = (
				en,
				Base,
			);
			mainGroup = 43C5D4A81904429F002D1766;
			productRefGroup = 43C5D4B21904429F002D1766 /* Products */;
			projectDirPath = "";
			projectRoot = "";
			targets = (
				43C5D4B01904429F002D1766 /* TDD Workshop */,
				43C5D4D41904429F002D1766 /* TDD WorkshopTests */,
			);
		};
/* End PBXProject section */

/* Begin PBXResourcesBuildPhase section */
		43C5D4AF1904429F002D1766 /* Resources */ = {
			isa = PBXResourcesBuildPhase;
			buildActionMask = 2147483647;
			files = (
				B27A9102589328414886245B /* Images.xcassets in Resources */,
				B27A937730478652E2F1969E /* Main.storyboard in Resources */,
				B27A9E1107889ABC8D32C72F /* Speakers.JSON in Resources */,
				510434A8BD8A51FD6A30E5E7 /* Localizable.strings in Resources */,
				810866F1FE320FA1B2B2F023 /* Agenda.JSON in Resources */,
			);
			runOnlyForDeploymentPostprocessing = 0;
		};
		43C5D4D31904429F002D1766 /* Resources */ = {
			isa = PBXResourcesBuildPhase;
			buildActionMask = 2147483647;
			files = (
				43C5D4E11904429F002D1766 /* InfoPlist.strings in Resources */,
				43C5D4ED19046E83002D1766 /* Speakers.JSON in Resources */,
				510436DEA3790C3EBDBF7C87 /* Localizable.strings in Resources */,
			);
			runOnlyForDeploymentPostprocessing = 0;
		};
/* End PBXResourcesBuildPhase section */

/* Begin PBXShellScriptBuildPhase section */
		10001173FCC242ABB57BC531 /* Check Pods Manifest.lock */ = {
			isa = PBXShellScriptBuildPhase;
			buildActionMask = 2147483647;
			files = (
			);
			inputPaths = (
			);
			name = "Check Pods Manifest.lock";
			outputPaths = (
			);
			runOnlyForDeploymentPostprocessing = 0;
			shellPath = /bin/sh;
			shellScript = "diff \"${PODS_ROOT}/../Podfile.lock\" \"${PODS_ROOT}/Manifest.lock\" > /dev/null\nif [[ $? != 0 ]] ; then\n    cat << EOM\nerror: The sandbox is not in sync with the Podfile.lock. Run 'pod install' or update your CocoaPods installation.\nEOM\n    exit 1\nfi\n";
			showEnvVarsInLog = 0;
		};
		2EC463FE364B4192ACA22B91 /* Copy Pods Resources */ = {
			isa = PBXShellScriptBuildPhase;
			buildActionMask = 2147483647;
			files = (
			);
			inputPaths = (
			);
			name = "Copy Pods Resources";
			outputPaths = (
			);
			runOnlyForDeploymentPostprocessing = 0;
			shellPath = /bin/sh;
			shellScript = "\"${SRCROOT}/Pods/Pods-specs-resources.sh\"\n";
			showEnvVarsInLog = 0;
		};
		85B6ADA36F4C4FF69C246BB4 /* Check Pods Manifest.lock */ = {
			isa = PBXShellScriptBuildPhase;
			buildActionMask = 2147483647;
			files = (
			);
			inputPaths = (
			);
			name = "Check Pods Manifest.lock";
			outputPaths = (
			);
			runOnlyForDeploymentPostprocessing = 0;
			shellPath = /bin/sh;
			shellScript = "diff \"${PODS_ROOT}/../Podfile.lock\" \"${PODS_ROOT}/Manifest.lock\" > /dev/null\nif [[ $? != 0 ]] ; then\n    cat << EOM\nerror: The sandbox is not in sync with the Podfile.lock. Run 'pod install' or update your CocoaPods installation.\nEOM\n    exit 1\nfi\n";
			showEnvVarsInLog = 0;
		};
		C8D9F3FC509A4F2D844F395D /* Copy Pods Resources */ = {
			isa = PBXShellScriptBuildPhase;
			buildActionMask = 2147483647;
			files = (
			);
			inputPaths = (
			);
			name = "Copy Pods Resources";
			outputPaths = (
			);
			runOnlyForDeploymentPostprocessing = 0;
			shellPath = /bin/sh;
			shellScript = "\"${SRCROOT}/Pods/Pods-resources.sh\"\n";
			showEnvVarsInLog = 0;
		};
/* End PBXShellScriptBuildPhase section */

/* Begin PBXSourcesBuildPhase section */
		43C5D4AD1904429F002D1766 /* Sources */ = {
			isa = PBXSourcesBuildPhase;
			buildActionMask = 2147483647;
			files = (
				B27A90C1276516EF0976C721 /* AppDelegate.m in Sources */,
				B27A9ACDFF47B5C7A1E152D0 /* Speaker.m in Sources */,
				B27A99C4343479416F7949A1 /* SpeakersViewController.m in Sources */,
				B27A9D59259653BDEABA00A3 /* main.m in Sources */,
				B27A9B105BBD67D80D01E3E5 /* SpeakersCollectionViewDataSource.m in Sources */,
				B27A9A0FD94ECA88196295DE /* RootTabBarController.m in Sources */,
				B27A97FE7901600A8818F3DA /* SpeakerCollectionViewCell.m in Sources */,
				B27A9989AF15DCF4A14C8599 /* UIColor+TDDWorkshop.m in Sources */,
				510437C9E9173E0AEE1BF5D9 /* PhotoStreamViewController.m in Sources */,
				51043FAA43E3EC9A3D85074C /* Configurator.m in Sources */,
				510437B3AFF9B4DFB61D4D37 /* ConfigurationFactory.m in Sources */,
				510431791B37A9A99385A641 /* CracowConfiguration.m in Sources */,
				510434B6A43EA784E14ADCCE /* StreamItemUploader.m in Sources */,
				51043C783E82165202F605B2 /* StreamItem.m in Sources */,
				510431F36EDABCA7A7E84118 /* StreamItemCreator.m in Sources */,
				5104365C827422284475A68C /* StreamItemDownloader.m in Sources */,
				51043DB9335FD27CFF47F901 /* PhotoStreamLayout.m in Sources */,
				51043E931A99B1B2AAB437DB /* PhotoStreamCell.m in Sources */,
				51043A111913B3C14E89500B /* ImageResizer.m in Sources */,
				51043F48261F9EF558458820 /* StreamItemTransformer.m in Sources */,
				B27A9056ADDB5BAB5972C05E /* SpeakersCollectionViewLayout.m in Sources */,
				B27A92B6316A1E604BF9B98F /* SeparatorView.m in Sources */,
				B27A9726136F5C773F598D6D /* SpeakerDetailsViewController.m in Sources */,
				B27A901654FE494E865AF180 /* AgendaViewController.m in Sources */,
				B27A925418322C40B77A8998 /* AgendaItem.m in Sources */,
				B27A9971BB928EAA6E0EDE6E /* AgendaProvider.m in Sources */,
				B27A9CC866FDAA137CF8BDB1 /* AgendaCollectionViewCell.m in Sources */,
				B27A9D81BB54BDA1E692BA0F /* AgendaCollectionViewDataSource.m in Sources */,
				510431358E25B1DCFAED9960 /* StreamItemPreviewViewController.m in Sources */,
				81086CDC548B56E717FF22C7 /* PollSlider.m in Sources */,
				810866338622BEC7C4C0EB4A /* PollTextView.m in Sources */,
				81086E163A9DFF20967D20E4 /* PollTextField.m in Sources */,
				81086E78FC205DB4277A4652 /* PollView.m in Sources */,
				810866B138C3E04FB14466FC /* PollViewController.m in Sources */,
				8108618342CE3920552B0D80 /* Poll.m in Sources */,
				810869F06A8D5E31BAE527C8 /* PollManager.m in Sources */,
				81086747DA487D249A16BAFE /* PollSliderItem.m in Sources */,
				810868C67B5D309FA50BE791 /* AgendaProvider+SharedInstance.m in Sources */,
				81086445592BEC5457D4163D /* NSLayoutConstraint+Utilities.m in Sources */,
				810861ABBF47988687902610 /* ViewValidatorFactory.m in Sources */,
				81086065F0114D29D7A40632 /* BaseValidator.m in Sources */,
				81086957A49032A43D58644F /* NameValidator.m in Sources */,
				810861A425652A5114611562 /* CommentValidator.m in Sources */,
				810869222C047725078E7155 /* EMailValidator.m in Sources */,
			);
			runOnlyForDeploymentPostprocessing = 0;
		};
		43C5D4D11904429F002D1766 /* Sources */ = {
			isa = PBXSourcesBuildPhase;
			buildActionMask = 2147483647;
			files = (
				B27A954E6E7A4E4CA2F00D8A /* SpeakersViewControllerSpec.m in Sources */,
				B27A9D2A610E08BA7B2FF7D4 /* SpeakersCollectionViewDataSourceSpec.m in Sources */,
				B27A9A828140E48431A9F462 /* SpeakerCollectionViewCellSpec.m in Sources */,
				944AF0D51907124D00C36DA1 /* PhotoStreamViewControllerSpec.m in Sources */,
				510437DA51D98A24A4CCCFDA /* Configurator.m in Sources */,
				51043A753B02DB66085B38BF /* ConfigurationFactory.m in Sources */,
				51043272B3AC04BC4C345854 /* CracowConfiguration.m in Sources */,
				5104331ABB398764EB039A38 /* StreamItemUploader.m in Sources */,
				510439836AE875DB86DFDB46 /* StreamItem.m in Sources */,
				51043516EF8246EF55CD424E /* StreamItemCreator.m in Sources */,
				51043C07AA1795B94AD8E814 /* StreamItemDownloader.m in Sources */,
				51043CE75EA7FBA5401DBB52 /* PhotoStreamLayout.m in Sources */,
				51043F3A4C4ADADDC1CD6C09 /* PhotoStreamCell.m in Sources */,
				51043A58492558DF31617F02 /* ImageResizer.m in Sources */,
				510436112789FCE1924B15B7 /* StreamItemTransformer.m in Sources */,
				B27A95EBA9C44F296EEF0485 /* SeparatorView.m in Sources */,
				B27A951712A1D5B5E0C81065 /* SpeakerDetailsViewController.m in Sources */,
				B27A93238C3DB4F0859DD791 /* AgendaViewControllerSpec.m in Sources */,
				1EDB8D90D1C24754015D8FF2 /* FakeAgendaProvider.m in Sources */,
				1EDB8BEABDCA85858CE325DC /* FakeAgendaCollectionViewDataSource.m in Sources */,
				1EDB85C9DAF2B5A908D93A10 /* AgendaCollectionViewDataSourceSpec.m in Sources */,
				1EDB80AF6BC4C379C818A5CF /* AgendaProviderSpec.m in Sources */,
				B27A93BC50952551175D197B /* SpeakerDetailsViewControllerSpec.m in Sources */,
				1EDB885EAA0CA775A8707F6E /* FakeCollectionView.m in Sources */,
				1EDB8E63A5547729FE9E90FB /* AgendaItemFixture.m in Sources */,
				5104345F6DBD18816241E3F3 /* StreamItemPreviewViewController.m in Sources */,
				510430CE778A22D93A35BC09 /* StreamItemPreviewViewControllerSpec.m in Sources */,
				8108614E36A5A4ED5DE6F324 /* PollManagerSpec.m in Sources */,
				8108668575E58EC6F3B87611 /* PollViewControllerSpec.m in Sources */,
				8108665BE1436DC507093E43 /* FakePollManager.m in Sources */,
				810860D7E54A7556600F4E57 /* FakePollAgendaProvider.m in Sources */,
				810865C01FB2CD9DF8222BD0 /* FakePollViewController.m in Sources */,
				810864B2A94D0D43BBEAF612 /* ViewValidatorFactorySpec.m in Sources */,
				8108651C96170D5DC479A2B8 /* BaseValidator+SpecUtilities.m in Sources */,
				81086E08743535459E49938D /* NameValidatorSpec.m in Sources */,
				81086F237B4A2C984AB5367E /* CommentValidatorSpec.m in Sources */,
				8108632DC13EC8A20D155989 /* EMailValidatorSpec.m in Sources */,
				8108623605FE3E730D2F7ACE /* FakeViewValidatorFactory.m in Sources */,
				8108679077A588DAFEA31B68 /* SpecValidatorFixture.m in Sources */,
			);
			runOnlyForDeploymentPostprocessing = 0;
		};
/* End PBXSourcesBuildPhase section */

/* Begin PBXTargetDependency section */
		43C5D4DB1904429F002D1766 /* PBXTargetDependency */ = {
			isa = PBXTargetDependency;
			target = 43C5D4B01904429F002D1766 /* TDD Workshop */;
			targetProxy = 43C5D4DA1904429F002D1766 /* PBXContainerItemProxy */;
		};
/* End PBXTargetDependency section */

/* Begin PBXVariantGroup section */
		43C5D4DF1904429F002D1766 /* InfoPlist.strings */ = {
			isa = PBXVariantGroup;
			children = (
				43C5D4E01904429F002D1766 /* en */,
			);
			name = InfoPlist.strings;
			sourceTree = "<group>";
		};
/* End PBXVariantGroup section */

/* Begin XCBuildConfiguration section */
		43C5D4E41904429F002D1766 /* Debug */ = {
			isa = XCBuildConfiguration;
			buildSettings = {
				ALWAYS_SEARCH_USER_PATHS = NO;
				CLANG_CXX_LANGUAGE_STANDARD = "gnu++0x";
				CLANG_CXX_LIBRARY = "libc++";
				CLANG_ENABLE_MODULES = YES;
				CLANG_ENABLE_OBJC_ARC = YES;
				CLANG_WARN_BOOL_CONVERSION = YES;
				CLANG_WARN_CONSTANT_CONVERSION = YES;
				CLANG_WARN_DIRECT_OBJC_ISA_USAGE = YES_ERROR;
				CLANG_WARN_EMPTY_BODY = YES;
				CLANG_WARN_ENUM_CONVERSION = YES;
				CLANG_WARN_INT_CONVERSION = YES;
				CLANG_WARN_OBJC_ROOT_CLASS = YES_ERROR;
				CLANG_WARN__DUPLICATE_METHOD_MATCH = YES;
				"CODE_SIGN_IDENTITY[sdk=iphoneos*]" = "iPhone Developer";
				COPY_PHASE_STRIP = NO;
				GCC_C_LANGUAGE_STANDARD = gnu99;
				GCC_DYNAMIC_NO_PIC = NO;
				GCC_OPTIMIZATION_LEVEL = 0;
				GCC_PREPROCESSOR_DEFINITIONS = (
					"DEBUG=1",
					"$(inherited)",
				);
				GCC_SYMBOLS_PRIVATE_EXTERN = NO;
				GCC_WARN_64_TO_32_BIT_CONVERSION = YES;
				GCC_WARN_ABOUT_RETURN_TYPE = YES_ERROR;
				GCC_WARN_UNDECLARED_SELECTOR = YES;
				GCC_WARN_UNINITIALIZED_AUTOS = YES_AGGRESSIVE;
				GCC_WARN_UNUSED_FUNCTION = YES;
				GCC_WARN_UNUSED_VARIABLE = YES;
				IPHONEOS_DEPLOYMENT_TARGET = 7.1;
				ONLY_ACTIVE_ARCH = YES;
				SDKROOT = iphoneos;
			};
			name = Debug;
		};
		43C5D4E51904429F002D1766 /* Release */ = {
			isa = XCBuildConfiguration;
			buildSettings = {
				ALWAYS_SEARCH_USER_PATHS = NO;
				CLANG_CXX_LANGUAGE_STANDARD = "gnu++0x";
				CLANG_CXX_LIBRARY = "libc++";
				CLANG_ENABLE_MODULES = YES;
				CLANG_ENABLE_OBJC_ARC = YES;
				CLANG_WARN_BOOL_CONVERSION = YES;
				CLANG_WARN_CONSTANT_CONVERSION = YES;
				CLANG_WARN_DIRECT_OBJC_ISA_USAGE = YES_ERROR;
				CLANG_WARN_EMPTY_BODY = YES;
				CLANG_WARN_ENUM_CONVERSION = YES;
				CLANG_WARN_INT_CONVERSION = YES;
				CLANG_WARN_OBJC_ROOT_CLASS = YES_ERROR;
				CLANG_WARN__DUPLICATE_METHOD_MATCH = YES;
				"CODE_SIGN_IDENTITY[sdk=iphoneos*]" = "iPhone Developer";
				COPY_PHASE_STRIP = YES;
				ENABLE_NS_ASSERTIONS = NO;
				GCC_C_LANGUAGE_STANDARD = gnu99;
				GCC_WARN_64_TO_32_BIT_CONVERSION = YES;
				GCC_WARN_ABOUT_RETURN_TYPE = YES_ERROR;
				GCC_WARN_UNDECLARED_SELECTOR = YES;
				GCC_WARN_UNINITIALIZED_AUTOS = YES_AGGRESSIVE;
				GCC_WARN_UNUSED_FUNCTION = YES;
				GCC_WARN_UNUSED_VARIABLE = YES;
				IPHONEOS_DEPLOYMENT_TARGET = 7.1;
				SDKROOT = iphoneos;
				VALIDATE_PRODUCT = YES;
			};
			name = Release;
		};
		43C5D4E71904429F002D1766 /* Debug */ = {
			isa = XCBuildConfiguration;
			baseConfigurationReference = B1988BE4051D4DB1BD8289FA /* Pods.xcconfig */;
			buildSettings = {
				ASSETCATALOG_COMPILER_APPICON_NAME = AppIcon;
				ASSETCATALOG_COMPILER_LAUNCHIMAGE_NAME = LaunchImage;
				GCC_PRECOMPILE_PREFIX_HEADER = YES;
				GCC_PREFIX_HEADER = "TDD Workshop/Supporting Files/TDD Workshop-Prefix.pch";
				INFOPLIST_FILE = "TDD Workshop/Supporting Files/TDD Workshop-Info.plist";
				PRODUCT_NAME = "$(TARGET_NAME)";
				WRAPPER_EXTENSION = app;
			};
			name = Debug;
		};
		43C5D4E81904429F002D1766 /* Release */ = {
			isa = XCBuildConfiguration;
			baseConfigurationReference = B1988BE4051D4DB1BD8289FA /* Pods.xcconfig */;
			buildSettings = {
				ASSETCATALOG_COMPILER_APPICON_NAME = AppIcon;
				ASSETCATALOG_COMPILER_LAUNCHIMAGE_NAME = LaunchImage;
				GCC_PRECOMPILE_PREFIX_HEADER = YES;
				GCC_PREFIX_HEADER = "TDD Workshop/Supporting Files/TDD Workshop-Prefix.pch";
				INFOPLIST_FILE = "TDD Workshop/Supporting Files/TDD Workshop-Info.plist";
				PRODUCT_NAME = "$(TARGET_NAME)";
				WRAPPER_EXTENSION = app;
			};
			name = Release;
		};
		43C5D4EA1904429F002D1766 /* Debug */ = {
			isa = XCBuildConfiguration;
			baseConfigurationReference = 4442B29770594D57863624A3 /* Pods-specs.xcconfig */;
			buildSettings = {
				BUNDLE_LOADER = "$(BUILT_PRODUCTS_DIR)/TDD Workshop.app/TDD Workshop";
				FRAMEWORK_SEARCH_PATHS = (
					"$(SDKROOT)/Developer/Library/Frameworks",
					"$(inherited)",
					"$(DEVELOPER_FRAMEWORKS_DIR)",
				);
				GCC_PRECOMPILE_PREFIX_HEADER = YES;
				GCC_PREFIX_HEADER = "TDD Workshop/Supporting Files/TDD Workshop-Prefix.pch";
				GCC_PREPROCESSOR_DEFINITIONS = (
					"DEBUG=1",
					"$(inherited)",
				);
				INFOPLIST_FILE = "TDD WorkshopTests/TDD WorkshopTests-Info.plist";
				PRODUCT_NAME = "$(TARGET_NAME)";
				TEST_HOST = "$(BUNDLE_LOADER)";
				WRAPPER_EXTENSION = xctest;
			};
			name = Debug;
		};
		43C5D4EB1904429F002D1766 /* Release */ = {
			isa = XCBuildConfiguration;
			baseConfigurationReference = 4442B29770594D57863624A3 /* Pods-specs.xcconfig */;
			buildSettings = {
				BUNDLE_LOADER = "$(BUILT_PRODUCTS_DIR)/TDD Workshop.app/TDD Workshop";
				FRAMEWORK_SEARCH_PATHS = (
					"$(SDKROOT)/Developer/Library/Frameworks",
					"$(inherited)",
					"$(DEVELOPER_FRAMEWORKS_DIR)",
				);
				GCC_PRECOMPILE_PREFIX_HEADER = YES;
				GCC_PREFIX_HEADER = "TDD Workshop/Supporting Files/TDD Workshop-Prefix.pch";
				INFOPLIST_FILE = "TDD WorkshopTests/TDD WorkshopTests-Info.plist";
				PRODUCT_NAME = "$(TARGET_NAME)";
				TEST_HOST = "$(BUNDLE_LOADER)";
				WRAPPER_EXTENSION = xctest;
			};
			name = Release;
		};
/* End XCBuildConfiguration section */

/* Begin XCConfigurationList section */
		43C5D4AC1904429F002D1766 /* Build configuration list for PBXProject "TDD Workshop" */ = {
			isa = XCConfigurationList;
			buildConfigurations = (
				43C5D4E41904429F002D1766 /* Debug */,
				43C5D4E51904429F002D1766 /* Release */,
			);
			defaultConfigurationIsVisible = 0;
			defaultConfigurationName = Release;
		};
		43C5D4E61904429F002D1766 /* Build configuration list for PBXNativeTarget "TDD Workshop" */ = {
			isa = XCConfigurationList;
			buildConfigurations = (
				43C5D4E71904429F002D1766 /* Debug */,
				43C5D4E81904429F002D1766 /* Release */,
			);
			defaultConfigurationIsVisible = 0;
			defaultConfigurationName = Release;
		};
		43C5D4E91904429F002D1766 /* Build configuration list for PBXNativeTarget "TDD WorkshopTests" */ = {
			isa = XCConfigurationList;
			buildConfigurations = (
				43C5D4EA1904429F002D1766 /* Debug */,
				43C5D4EB1904429F002D1766 /* Release */,
			);
			defaultConfigurationIsVisible = 0;
			defaultConfigurationName = Release;
		};
/* End XCConfigurationList section */
	};
	rootObject = 43C5D4A91904429F002D1766 /* Project object */;
}
