<?xml version="1.0" encoding="UTF-8"?>
<Scheme
   version = "1.3">
   <BuildAction>
      <BuildActionEntries>
         <BuildActionEntry
            buildForRunning = "YES"
            buildForTesting = "YES">
            <BuildableReference
               BuildableIdentifier = "primary"
               BlueprintIdentifier = "43C5D4D41904429F002D1766"
               BuildableName = "TDD WorkshopTests.xctest"
               BlueprintName = "TDD WorkshopTests"
               ReferencedContainer = "container:TDD Workshop.xcodeproj">
            </BuildableReference>
         </BuildActionEntry>
      </BuildActionEntries>
   </BuildAction>
   <TestAction
      buildConfiguration = "Debug">
      <Testables>
         <TestableReference>
            <BuildableReference
               BuildableIdentifier = "primary"
               BlueprintIdentifier = "43C5D4D41904429F002D1766"
               BuildableName = "TDD WorkshopTests.xctest"
               BlueprintName = "TDD WorkshopTests"
               ReferencedContainer = "container:TDD Workshop.xcodeproj">
            </BuildableReference>
         </TestableReference>
      </Testables>
   </TestAction>
   <LaunchAction
      useCustomWorkingDirectory = "NO">
   </LaunchAction>
</Scheme>
